
Microsoft Visual Studio Solution File, Format Version 12.00
# Visual Studio Version 17
VisualStudioVersion = 17.0.31903.59
MinimumVisualStudioVersion = 10.0.40219.1
Project("{2150E333-8FDC-42A3-9474-1A3956D46DE8}") = "osdu", "osdu", "{4BBBE4A4-5E20-EC94-B8A9-FAABF1E5E815}"
EndProject
Project("{2150E333-8FDC-42A3-9474-1A3956D46DE8}") = "src", "src", "{D8968F19-B251-FF31-F472-A5B74E406BDE}"
EndProject
Project("{FAE04EC0-301F-11D3-BF4B-00C04F79EFBC}") = "SqlFlow.Delivery.Cli", "osdu\src\SqlFlow.Delivery.Cli\SqlFlow.Delivery.Cli.csproj", "{CEC72762-3119-458A-B168-F44EC315A574}"
EndProject
Project("{FAE04EC0-301F-11D3-BF4B-00C04F79EFBC}") = "SqlFlow.Cli", "sqlflow\src\SqlFlow.Cli\SqlFlow.Cli.csproj", "{C47557D6-6CFE-409E-B840-D956AA85FE5F}"
EndProject
Project("{FAE04EC0-301F-11D3-BF4B-00C04F79EFBC}") = "SqlFlow.Core", "sqlflow\src\SqlFlow.Core\SqlFlow.Core.csproj", "{17D81B17-7117-4CD4-B346-4124B3AA3483}"
EndProject
Project("{FAE04EC0-301F-11D3-BF4B-00C04F79EFBC}") = "SqlFlow.SqlServer", "sqlflow\src\SqlFlow.SqlServer\SqlFlow.SqlServer.csproj", "{637B125B-C9FD-4AED-81B5-86AE24652DB4}"
EndProject
Project("{FAE04EC0-301F-11D3-BF4B-00C04F79EFBC}") = "SqlFlow.Sources", "sqlflow\src\SqlFlow.Sources\SqlFlow.Sources.csproj", "{E936808B-9145-4700-93F6-8ABD9C52B73D}"
EndProject
Project("{FAE04EC0-301F-11D3-BF4B-00C04F79EFBC}") = "SqlFlow.Yaml", "sqlflow\src\SqlFlow.Yaml\SqlFlow.Yaml.csproj", "{53EA1F12-6FCA-4EDB-8184-907DA582AE39}"
EndProject
Project("{FAE04EC0-301F-11D3-BF4B-00C04F79EFBC}") = "SqlFlow.Azure", "sqlflow\src\SqlFlow.Azure\SqlFlow.Azure.csproj", "{DB066B00-E095-4A69-922B-A3E1044CFDC2}"
EndProject
Project("{FAE04EC0-301F-11D3-BF4B-00C04F79EFBC}") = "SqlFlow.HealthCheck", "sqlflow\src\SqlFlow.HealthCheck\SqlFlow.HealthCheck.csproj", "{690C029D-246C-420C-916D-1CDBE3BC2EA5}"
EndProject
Project("{FAE04EC0-301F-11D3-BF4B-00C04F79EFBC}") = "SqlFlow.Lineage", "sqlflow\src\SqlFlow.Lineage\SqlFlow.Lineage.csproj", "{EC340F31-0F5C-4958-9F52-DC0F433F178B}"
EndProject
Project("{FAE04EC0-301F-11D3-BF4B-00C04F79EFBC}") = "SqlFlow.Providers", "sqlflow\src\SqlFlow.Providers\SqlFlow.Providers.csproj", "{97932D4D-4975-48E3-AB2E-85CA8833E761}"
EndProject
Project("{FAE04EC0-301F-11D3-BF4B-00C04F79EFBC}") = "SqlFlow.SourceControl", "sqlflow\src\SqlFlow.SourceControl\SqlFlow.SourceControl.csproj", "{627DF177-8248-4212-9456-82EA2D5D87B4}"
EndProject
Project("{FAE04EC0-301F-11D3-BF4B-00C04F79EFBC}") = "SqlFlow.Orchestration", "sqlflow\src\SqlFlow.Orchestration\SqlFlow.Orchestration.csproj", "{D8F9C2AF-A85C-41A5-B07C-03528B9EF86F}"
EndProject
Project("{FAE04EC0-301F-11D3-BF4B-00C04F79EFBC}") = "SqlFlow.Execution", "sqlflow\src\SqlFlow.Execution\SqlFlow.Execution.csproj", "{F5FA64FA-A440-4EF0-8FB3-8B112C49FBF6}"
EndProject
Project("{FAE04EC0-301F-11D3-BF4B-00C04F79EFBC}") = "SqlFlow.DuckDb", "sqlflow\src\SqlFlow.DuckDb\SqlFlow.DuckDb.csproj", "{3B24190A-4411-4929-B0BC-EAEDF8C4475E}"
EndProject
Project("{FAE04EC0-301F-11D3-BF4B-00C04F79EFBC}") = "SqlFlow.Acquire", "sqlflow\src\SqlFlow.Acquire\SqlFlow.Acquire.csproj", "{0A9EFB59-901C-4E68-91F7-3451A09DF82C}"
EndProject
Project("{FAE04EC0-301F-11D3-BF4B-00C04F79EFBC}") = "SqlFlow.Copy", "sqlflow\src\SqlFlow.Copy\SqlFlow.Copy.csproj", "{1D7539FF-6998-43C8-9408-9D07AC8918BD}"
EndProject
Project("{FAE04EC0-301F-11D3-BF4B-00C04F79EFBC}") = "SqlFlow.Sftp", "sqlflow\src\SqlFlow.Sftp\SqlFlow.Sftp.csproj", "{27784A17-F766-4C56-9F20-C0BF76C16B42}"
EndProject
Project("{FAE04EC0-301F-11D3-BF4B-00C04F79EFBC}") = "SqlFlow.Translate", "sqlflow\src\SqlFlow.Translate\SqlFlow.Translate.csproj", "{963DD115-18B3-45DD-B23F-EB736A14C2CA}"
EndProject
Project("{FAE04EC0-301F-11D3-BF4B-00C04F79EFBC}") = "SqlFlow.Catalog", "sqlflow\src\SqlFlow.Catalog\SqlFlow.Catalog.csproj", "{FD5FA235-51F6-49AE-A2E1-194CFC23550D}"
EndProject
Project("{FAE04EC0-301F-11D3-BF4B-00C04F79EFBC}") = "SqlFlow.Dispatch", "sqlflow\src\SqlFlow.Dispatch\SqlFlow.Dispatch.csproj", "{AD965CAC-40CC-408C-A5D4-80AB72BEFF1C}"
EndProject
Project("{FAE04EC0-301F-11D3-BF4B-00C04F79EFBC}") = "SqlFlow.Node", "sqlflow\src\SqlFlow.Node\SqlFlow.Node.csproj", "{0874AB55-2D29-4860-830E-94C82D294259}"
EndProject
Project("{FAE04EC0-301F-11D3-BF4B-00C04F79EFBC}") = "SqlFlow.Delivery", "osdu\src\SqlFlow.Delivery\SqlFlow.Delivery.csproj", "{E6774A1D-B69F-44D5-AB18-49494CF38B58}"
EndProject
Project("{FAE04EC0-301F-11D3-BF4B-00C04F79EFBC}") = "SqlFlow.Delivery.Data", "osdu\src\SqlFlow.Delivery.Data\SqlFlow.Delivery.Data.csproj", "{CB658924-FD4D-406B-BDFC-2026BFFB6631}"
EndProject
Project("{FAE04EC0-301F-11D3-BF4B-00C04F79EFBC}") = "SqlFlow.Delivery.ControlPlane", "osdu\src\SqlFlow.Delivery.ControlPlane\SqlFlow.Delivery.ControlPlane.csproj", "{513A6C10-EE5C-4CE0-8830-3F3AB6B1DD59}"
EndProject
Project("{FAE04EC0-301F-11D3-BF4B-00C04F79EFBC}") = "SqlFlow.ControlPlane", "sqlflow\src\SqlFlow.ControlPlane\SqlFlow.ControlPlane.csproj", "{41B41B7E-FBE1-4EF6-9936-E6EDC98FECFD}"
EndProject
Project("{FAE04EC0-301F-11D3-BF4B-00C04F79EFBC}") = "SqlFlow.Assistant", "sqlflow\src\SqlFlow.Assistant\SqlFlow.Assistant.csproj", "{8BC963AF-0AA2-48C0-B9BD-15163EB48382}"
EndProject
Project("{2150E333-8FDC-42A3-9474-1A3956D46DE8}") = "tests", "tests", "{76F15BD2-FA34-5971-87AA-2BE146CC7CC8}"
EndProject
Project("{FAE04EC0-301F-11D3-BF4B-00C04F79EFBC}") = "SqlFlow.Delivery.ControlPlane.Tests", "osdu\tests\SqlFlow.Delivery.ControlPlane.Tests\SqlFlow.Delivery.ControlPlane.Tests.csproj", "{293A73DA-6B73-49EF-8BBD-B9396DB99EA5}"
EndProject
Project("{FAE04EC0-301F-11D3-BF4B-00C04F79EFBC}") = "SqlFlow.Delivery.Tests", "osdu\tests\SqlFlow.Delivery.Tests\SqlFlow.Delivery.Tests.csproj", "{9AC635CE-05D9-42BF-9815-E3809366F3A5}"
EndProject
Project("{2150E333-8FDC-42A3-9474-1A3956D46DE8}") = "sqlflow", "sqlflow", "{D2E041D3-666A-23B8-D476-3D0859F1F72A}"
EndProject
Project("{2150E333-8FDC-42A3-9474-1A3956D46DE8}") = "src", "src", "{FC2BB2F5-E0C8-F08D-841F-0E4D6E7D1E27}"
EndProject
Project("{FAE04EC0-301F-11D3-BF4B-00C04F79EFBC}") = "SqlFlow.SlackBot", "sqlflow\src\SqlFlow.SlackBot\SqlFlow.SlackBot.csproj", "{C3B235B9-309D-4E7E-AF31-796B82262BCB}"
EndProject
Project("{2150E333-8FDC-42A3-9474-1A3956D46DE8}") = "tests", "tests", "{C252BB7D-B93B-E3AE-A588-FBA38C88AFFC}"
EndProject
Project("{FAE04EC0-301F-11D3-BF4B-00C04F79EFBC}") = "SqlFlow.Acquire.Tests", "sqlflow\tests\SqlFlow.Acquire.Tests\SqlFlow.Acquire.Tests.csproj", "{DF4F61E9-10CA-4A3E-9C1E-0043D152BDE3}"
EndProject
Project("{FAE04EC0-301F-11D3-BF4B-00C04F79EFBC}") = "SqlFlow.ControlPlane.Tests", "sqlflow\tests\SqlFlow.ControlPlane.Tests\SqlFlow.ControlPlane.Tests.csproj", "{8503A42A-A08A-446C-8160-5E2AE8041F62}"
EndProject
Project("{FAE04EC0-301F-11D3-BF4B-00C04F79EFBC}") = "SqlFlow.Copy.Tests", "sqlflow\tests\SqlFlow.Copy.Tests\SqlFlow.Copy.Tests.csproj", "{8C5AE128-B6D7-43FC-80CC-C6CE5E306A26}"
EndProject
Project("{FAE04EC0-301F-11D3-BF4B-00C04F79EFBC}") = "SqlFlow.Core.Tests", "sqlflow\tests\SqlFlow.Core.Tests\SqlFlow.Core.Tests.csproj", "{14F8EC34-6A6F-4BEE-A6ED-C2A695C137FE}"
EndProject
Project("{FAE04EC0-301F-11D3-BF4B-00C04F79EFBC}") = "SqlFlow.Dispatch.Tests", "sqlflow\tests\SqlFlow.Dispatch.Tests\SqlFlow.Dispatch.Tests.csproj", "{66C5C621-284D-4453-908E-DC292A338DD1}"
EndProject
Project("{FAE04EC0-301F-11D3-BF4B-00C04F79EFBC}") = "SqlFlow.Sftp.Tests", "sqlflow\tests\SqlFlow.Sftp.Tests\SqlFlow.Sftp.Tests.csproj", "{CCE53074-5F72-49F5-B3E1-2321731214E8}"
EndProject
Project("{FAE04EC0-301F-11D3-BF4B-00C04F79EFBC}") = "SqlFlow.SlackBot.Tests", "sqlflow\tests\SqlFlow.SlackBot.Tests\SqlFlow.SlackBot.Tests.csproj", "{156F3724-56CB-47BE-9E39-48ED2C13733C}"
EndProject
Project("{FAE04EC0-301F-11D3-BF4B-00C04F79EFBC}") = "SqlFlow.Translate.Tests", "sqlflow\tests\SqlFlow.Translate.Tests\SqlFlow.Translate.Tests.csproj", "{F5084BB0-C071-4ED9-A4E7-20A49CDEDBE9}"
EndProject
Global
	GlobalSection(SolutionConfigurationPlatforms) = preSolution
		Debug|Any CPU = Debug|Any CPU
		Debug|x64 = Debug|x64
		Debug|x86 = Debug|x86
		Release|Any CPU = Release|Any CPU
		Release|x64 = Release|x64
		Release|x86 = Release|x86
	EndGlobalSection
	GlobalSection(ProjectConfigurationPlatforms) = postSolution
		{CEC72762-3119-458A-B168-F44EC315A574}.Debug|Any CPU.ActiveCfg = Debug|Any CPU
		{CEC72762-3119-458A-B168-F44EC315A574}.Debug|Any CPU.Build.0 = Debug|Any CPU
		{CEC72762-3119-458A-B168-F44EC315A574}.Debug|x64.ActiveCfg = Debug|Any CPU
		{CEC72762-3119-458A-B168-F44EC315A574}.Debug|x64.Build.0 = Debug|Any CPU
		{CEC72762-3119-458A-B168-F44EC315A574}.Debug|x86.ActiveCfg = Debug|Any CPU
		{CEC72762-3119-458A-B168-F44EC315A574}.Debug|x86.Build.0 = Debug|Any CPU
		{CEC72762-3119-458A-B168-F44EC315A574}.Release|Any CPU.ActiveCfg = Release|Any CPU
		{CEC72762-3119-458A-B168-F44EC315A574}.Release|Any CPU.Build.0 = Release|Any CPU
		{CEC72762-3119-458A-B168-F44EC315A574}.Release|x64.ActiveCfg = Release|Any CPU
		{CEC72762-3119-458A-B168-F44EC315A574}.Release|x64.Build.0 = Release|Any CPU
		{CEC72762-3119-458A-B168-F44EC315A574}.Release|x86.ActiveCfg = Release|Any CPU
		{CEC72762-3119-458A-B168-F44EC315A574}.Release|x86.Build.0 = Release|Any CPU
		{C47557D6-6CFE-409E-B840-D956AA85FE5F}.Debug|Any CPU.ActiveCfg = Debug|Any CPU
		{C47557D6-6CFE-409E-B840-D956AA85FE5F}.Debug|Any CPU.Build.0 = Debug|Any CPU
		{C47557D6-6CFE-409E-B840-D956AA85FE5F}.Debug|x64.ActiveCfg = Debug|Any CPU
		{C47557D6-6CFE-409E-B840-D956AA85FE5F}.Debug|x64.Build.0 = Debug|Any CPU
		{C47557D6-6CFE-409E-B840-D956AA85FE5F}.Debug|x86.ActiveCfg = Debug|Any CPU
		{C47557D6-6CFE-409E-B840-D956AA85FE5F}.Debug|x86.Build.0 = Debug|Any CPU
		{C47557D6-6CFE-409E-B840-D956AA85FE5F}.Release|Any CPU.ActiveCfg = Release|Any CPU
		{C47557D6-6CFE-409E-B840-D956AA85FE5F}.Release|Any CPU.Build.0 = Release|Any CPU
		{C47557D6-6CFE-409E-B840-D956AA85FE5F}.Release|x64.ActiveCfg = Release|Any CPU
		{C47557D6-6CFE-409E-B840-D956AA85FE5F}.Release|x64.Build.0 = Release|Any CPU
		{C47557D6-6CFE-409E-B840-D956AA85FE5F}.Release|x86.ActiveCfg = Release|Any CPU
		{C47557D6-6CFE-409E-B840-D956AA85FE5F}.Release|x86.Build.0 = Release|Any CPU
		{17D81B17-7117-4CD4-B346-4124B3AA3483}.Debug|Any CPU.ActiveCfg = Debug|Any CPU
		{17D81B17-7117-4CD4-B346-4124B3AA3483}.Debug|Any CPU.Build.0 = Debug|Any CPU
		{17D81B17-7117-4CD4-B346-4124B3AA3483}.Debug|x64.ActiveCfg = Debug|Any CPU
		{17D81B17-7117-4CD4-B346-4124B3AA3483}.Debug|x64.Build.0 = Debug|Any CPU
		{17D81B17-7117-4CD4-B346-4124B3AA3483}.Debug|x86.ActiveCfg = Debug|Any CPU
		{17D81B17-7117-4CD4-B346-4124B3AA3483}.Debug|x86.Build.0 = Debug|Any CPU
		{17D81B17-7117-4CD4-B346-4124B3AA3483}.Release|Any CPU.ActiveCfg = Release|Any CPU
		{17D81B17-7117-4CD4-B346-4124B3AA3483}.Release|Any CPU.Build.0 = Release|Any CPU
		{17D81B17-7117-4CD4-B346-4124B3AA3483}.Release|x64.ActiveCfg = Release|Any CPU
		{17D81B17-7117-4CD4-B346-4124B3AA3483}.Release|x64.Build.0 = Release|Any CPU
		{17D81B17-7117-4CD4-B346-4124B3AA3483}.Release|x86.ActiveCfg = Release|Any CPU
		{17D81B17-7117-4CD4-B346-4124B3AA3483}.Release|x86.Build.0 = Release|Any CPU
		{637B125B-C9FD-4AED-81B5-86AE24652DB4}.Debug|Any CPU.ActiveCfg = Debug|Any CPU
		{637B125B-C9FD-4AED-81B5-86AE24652DB4}.Debug|Any CPU.Build.0 = Debug|Any CPU
		{637B125B-C9FD-4AED-81B5-86AE24652DB4}.Debug|x64.ActiveCfg = Debug|Any CPU
		{637B125B-C9FD-4AED-81B5-86AE24652DB4}.Debug|x64.Build.0 = Debug|Any CPU
		{637B125B-C9FD-4AED-81B5-86AE24652DB4}.Debug|x86.ActiveCfg = Debug|Any CPU
		{637B125B-C9FD-4AED-81B5-86AE24652DB4}.Debug|x86.Build.0 = Debug|Any CPU
		{637B125B-C9FD-4AED-81B5-86AE24652DB4}.Release|Any CPU.ActiveCfg = Release|Any CPU
		{637B125B-C9FD-4AED-81B5-86AE24652DB4}.Release|Any CPU.Build.0 = Release|Any CPU
		{637B125B-C9FD-4AED-81B5-86AE24652DB4}.Release|x64.ActiveCfg = Release|Any CPU
		{637B125B-C9FD-4AED-81B5-86AE24652DB4}.Release|x64.Build.0 = Release|Any CPU
		{637B125B-C9FD-4AED-81B5-86AE24652DB4}.Release|x86.ActiveCfg = Release|Any CPU
		{637B125B-C9FD-4AED-81B5-86AE24652DB4}.Release|x86.Build.0 = Release|Any CPU
		{E936808B-9145-4700-93F6-8ABD9C52B73D}.Debug|Any CPU.ActiveCfg = Debug|Any CPU
		{E936808B-9145-4700-93F6-8ABD9C52B73D}.Debug|Any CPU.Build.0 = Debug|Any CPU
		{E936808B-9145-4700-93F6-8ABD9C52B73D}.Debug|x64.ActiveCfg = Debug|Any CPU
		{E936808B-9145-4700-93F6-8ABD9C52B73D}.Debug|x64.Build.0 = Debug|Any CPU
		{E936808B-9145-4700-93F6-8ABD9C52B73D}.Debug|x86.ActiveCfg = Debug|Any CPU
		{E936808B-9145-4700-93F6-8ABD9C52B73D}.Debug|x86.Build.0 = Debug|Any CPU
		{E936808B-9145-4700-93F6-8ABD9C52B73D}.Release|Any CPU.ActiveCfg = Release|Any CPU
		{E936808B-9145-4700-93F6-8ABD9C52B73D}.Release|Any CPU.Build.0 = Release|Any CPU
		{E936808B-9145-4700-93F6-8ABD9C52B73D}.Release|x64.ActiveCfg = Release|Any CPU
		{E936808B-9145-4700-93F6-8ABD9C52B73D}.Release|x64.Build.0 = Release|Any CPU
		{E936808B-9145-4700-93F6-8ABD9C52B73D}.Release|x86.ActiveCfg = Release|Any CPU
		{E936808B-9145-4700-93F6-8ABD9C52B73D}.Release|x86.Build.0 = Release|Any CPU
		{53EA1F12-6FCA-4EDB-8184-907DA582AE39}.Debug|Any CPU.ActiveCfg = Debug|Any CPU
		{53EA1F12-6FCA-4EDB-8184-907DA582AE39}.Debug|Any CPU.Build.0 = Debug|Any CPU
		{53EA1F12-6FCA-4EDB-8184-907DA582AE39}.Debug|x64.ActiveCfg = Debug|Any CPU
		{53EA1F12-6FCA-4EDB-8184-907DA582AE39}.Debug|x64.Build.0 = Debug|Any CPU
		{53EA1F12-6FCA-4EDB-8184-907DA582AE39}.Debug|x86.ActiveCfg = Debug|Any CPU
		{53EA1F12-6FCA-4EDB-8184-907DA582AE39}.Debug|x86.Build.0 = Debug|Any CPU
		{53EA1F12-6FCA-4EDB-8184-907DA582AE39}.Release|Any CPU.ActiveCfg = Release|Any CPU
		{53EA1F12-6FCA-4EDB-8184-907DA582AE39}.Release|Any CPU.Build.0 = Release|Any CPU
		{53EA1F12-6FCA-4EDB-8184-907DA582AE39}.Release|x64.ActiveCfg = Release|Any CPU
		{53EA1F12-6FCA-4EDB-8184-907DA582AE39}.Release|x64.Build.0 = Release|Any CPU
		{53EA1F12-6FCA-4EDB-8184-907DA582AE39}.Release|x86.ActiveCfg = Release|Any CPU
		{53EA1F12-6FCA-4EDB-8184-907DA582AE39}.Release|x86.Build.0 = Release|Any CPU
		{DB066B00-E095-4A69-922B-A3E1044CFDC2}.Debug|Any CPU.ActiveCfg = Debug|Any CPU
		{DB066B00-E095-4A69-922B-A3E1044CFDC2}.Debug|Any CPU.Build.0 = Debug|Any CPU
		{DB066B00-E095-4A69-922B-A3E1044CFDC2}.Debug|x64.ActiveCfg = Debug|Any CPU
		{DB066B00-E095-4A69-922B-A3E1044CFDC2}.Debug|x64.Build.0 = Debug|Any CPU
		{DB066B00-E095-4A69-922B-A3E1044CFDC2}.Debug|x86.ActiveCfg = Debug|Any CPU
		{DB066B00-E095-4A69-922B-A3E1044CFDC2}.Debug|x86.Build.0 = Debug|Any CPU
		{DB066B00-E095-4A69-922B-A3E1044CFDC2}.Release|Any CPU.ActiveCfg = Release|Any CPU
		{DB066B00-E095-4A69-922B-A3E1044CFDC2}.Release|Any CPU.Build.0 = Release|Any CPU
		{DB066B00-E095-4A69-922B-A3E1044CFDC2}.Release|x64.ActiveCfg = Release|Any CPU
		{DB066B00-E095-4A69-922B-A3E1044CFDC2}.Release|x64.Build.0 = Release|Any CPU
		{DB066B00-E095-4A69-922B-A3E1044CFDC2}.Release|x86.ActiveCfg = Release|Any CPU
		{DB066B00-E095-4A69-922B-A3E1044CFDC2}.Release|x86.Build.0 = Release|Any CPU
		{690C029D-246C-420C-916D-1CDBE3BC2EA5}.Debug|Any CPU.ActiveCfg = Debug|Any CPU
		{690C029D-246C-420C-916D-1CDBE3BC2EA5}.Debug|Any CPU.Build.0 = Debug|Any CPU
		{690C029D-246C-420C-916D-1CDBE3BC2EA5}.Debug|x64.ActiveCfg = Debug|Any CPU
		{690C029D-246C-420C-916D-1CDBE3BC2EA5}.Debug|x64.Build.0 = Debug|Any CPU
		{690C029D-246C-420C-916D-1CDBE3BC2EA5}.Debug|x86.ActiveCfg = Debug|Any CPU
		{690C029D-246C-420C-916D-1CDBE3BC2EA5}.Debug|x86.Build.0 = Debug|Any CPU
		{690C029D-246C-420C-916D-1CDBE3BC2EA5}.Release|Any CPU.ActiveCfg = Release|Any CPU
		{690C029D-246C-420C-916D-1CDBE3BC2EA5}.Release|Any CPU.Build.0 = Release|Any CPU
		{690C029D-246C-420C-916D-1CDBE3BC2EA5}.Release|x64.ActiveCfg = Release|Any CPU
		{690C029D-246C-420C-916D-1CDBE3BC2EA5}.Release|x64.Build.0 = Release|Any CPU
		{690C029D-246C-420C-916D-1CDBE3BC2EA5}.Release|x86.ActiveCfg = Release|Any CPU
		{690C029D-246C-420C-916D-1CDBE3BC2EA5}.Release|x86.Build.0 = Release|Any CPU
		{EC340F31-0F5C-4958-9F52-DC0F433F178B}.Debug|Any CPU.ActiveCfg = Debug|Any CPU
		{EC340F31-0F5C-4958-9F52-DC0F433F178B}.Debug|Any CPU.Build.0 = Debug|Any CPU
		{EC340F31-0F5C-4958-9F52-DC0F433F178B}.Debug|x64.ActiveCfg = Debug|Any CPU
		{EC340F31-0F5C-4958-9F52-DC0F433F178B}.Debug|x64.Build.0 = Debug|Any CPU
		{EC340F31-0F5C-4958-9F52-DC0F433F178B}.Debug|x86.ActiveCfg = Debug|Any CPU
		{EC340F31-0F5C-4958-9F52-DC0F433F178B}.Debug|x86.Build.0 = Debug|Any CPU
		{EC340F31-0F5C-4958-9F52-DC0F433F178B}.Release|Any CPU.ActiveCfg = Release|Any CPU
		{EC340F31-0F5C-4958-9F52-DC0F433F178B}.Release|Any CPU.Build.0 = Release|Any CPU
		{EC340F31-0F5C-4958-9F52-DC0F433F178B}.Release|x64.ActiveCfg = Release|Any CPU
		{EC340F31-0F5C-4958-9F52-DC0F433F178B}.Release|x64.Build.0 = Release|Any CPU
		{EC340F31-0F5C-4958-9F52-DC0F433F178B}.Release|x86.ActiveCfg = Release|Any CPU
		{EC340F31-0F5C-4958-9F52-DC0F433F178B}.Release|x86.Build.0 = Release|Any CPU
		{97932D4D-4975-48E3-AB2E-85CA8833E761}.Debug|Any CPU.ActiveCfg = Debug|Any CPU
		{97932D4D-4975-48E3-AB2E-85CA8833E761}.Debug|Any CPU.Build.0 = Debug|Any CPU
		{97932D4D-4975-48E3-AB2E-85CA8833E761}.Debug|x64.ActiveCfg = Debug|Any CPU
		{97932D4D-4975-48E3-AB2E-85CA8833E761}.Debug|x64.Build.0 = Debug|Any CPU
		{97932D4D-4975-48E3-AB2E-85CA8833E761}.Debug|x86.ActiveCfg = Debug|Any CPU
		{97932D4D-4975-48E3-AB2E-85CA8833E761}.Debug|x86.Build.0 = Debug|Any CPU
		{97932D4D-4975-48E3-AB2E-85CA8833E761}.Release|Any CPU.ActiveCfg = Release|Any CPU
		{97932D4D-4975-48E3-AB2E-85CA8833E761}.Release|Any CPU.Build.0 = Release|Any CPU
		{97932D4D-4975-48E3-AB2E-85CA8833E761}.Release|x64.ActiveCfg = Release|Any CPU
		{97932D4D-4975-48E3-AB2E-85CA8833E761}.Release|x64.Build.0 = Release|Any CPU
		{97932D4D-4975-48E3-AB2E-85CA8833E761}.Release|x86.ActiveCfg = Release|Any CPU
		{97932D4D-4975-48E3-AB2E-85CA8833E761}.Release|x86.Build.0 = Release|Any CPU
		{627DF177-8248-4212-9456-82EA2D5D87B4}.Debug|Any CPU.ActiveCfg = Debug|Any CPU
		{627DF177-8248-4212-9456-82EA2D5D87B4}.Debug|Any CPU.Build.0 = Debug|Any CPU
		{627DF177-8248-4212-9456-82EA2D5D87B4}.Debug|x64.ActiveCfg = Debug|Any CPU
		{627DF177-8248-4212-9456-82EA2D5D87B4}.Debug|x64.Build.0 = Debug|Any CPU
		{627DF177-8248-4212-9456-82EA2D5D87B4}.Debug|x86.ActiveCfg = Debug|Any CPU
		{627DF177-8248-4212-9456-82EA2D5D87B4}.Debug|x86.Build.0 = Debug|Any CPU
		{627DF177-8248-4212-9456-82EA2D5D87B4}.Release|Any CPU.ActiveCfg = Release|Any CPU
		{627DF177-8248-4212-9456-82EA2D5D87B4}.Release|Any CPU.Build.0 = Release|Any CPU
		{627DF177-8248-4212-9456-82EA2D5D87B4}.Release|x64.ActiveCfg = Release|Any CPU
		{627DF177-8248-4212-9456-82EA2D5D87B4}.Release|x64.Build.0 = Release|Any CPU
		{627DF177-8248-4212-9456-82EA2D5D87B4}.Release|x86.ActiveCfg = Release|Any CPU
		{627DF177-8248-4212-9456-82EA2D5D87B4}.Release|x86.Build.0 = Release|Any CPU
		{D8F9C2AF-A85C-41A5-B07C-03528B9EF86F}.Debug|Any CPU.ActiveCfg = Debug|Any CPU
		{D8F9C2AF-A85C-41A5-B07C-03528B9EF86F}.Debug|Any CPU.Build.0 = Debug|Any CPU
		{D8F9C2AF-A85C-41A5-B07C-03528B9EF86F}.Debug|x64.ActiveCfg = Debug|Any CPU
		{D8F9C2AF-A85C-41A5-B07C-03528B9EF86F}.Debug|x64.Build.0 = Debug|Any CPU
		{D8F9C2AF-A85C-41A5-B07C-03528B9EF86F}.Debug|x86.ActiveCfg = Debug|Any CPU
		{D8F9C2AF-A85C-41A5-B07C-03528B9EF86F}.Debug|x86.Build.0 = Debug|Any CPU
		{D8F9C2AF-A85C-41A5-B07C-03528B9EF86F}.Release|Any CPU.ActiveCfg = Release|Any CPU
		{D8F9C2AF-A85C-41A5-B07C-03528B9EF86F}.Release|Any CPU.Build.0 = Release|Any CPU
		{D8F9C2AF-A85C-41A5-B07C-03528B9EF86F}.Release|x64.ActiveCfg = Release|Any CPU
		{D8F9C2AF-A85C-41A5-B07C-03528B9EF86F}.Release|x64.Build.0 = Release|Any CPU
		{D8F9C2AF-A85C-41A5-B07C-03528B9EF86F}.Release|x86.ActiveCfg = Release|Any CPU
		{D8F9C2AF-A85C-41A5-B07C-03528B9EF86F}.Release|x86.Build.0 = Release|Any CPU
		{F5FA64FA-A440-4EF0-8FB3-8B112C49FBF6}.Debug|Any CPU.ActiveCfg = Debug|Any CPU
		{F5FA64FA-A440-4EF0-8FB3-8B112C49FBF6}.Debug|Any CPU.Build.0 = Debug|Any CPU
		{F5FA64FA-A440-4EF0-8FB3-8B112C49FBF6}.Debug|x64.ActiveCfg = Debug|Any CPU
		{F5FA64FA-A440-4EF0-8FB3-8B112C49FBF6}.Debug|x64.Build.0 = Debug|Any CPU
		{F5FA64FA-A440-4EF0-8FB3-8B112C49FBF6}.Debug|x86.ActiveCfg = Debug|Any CPU
		{F5FA64FA-A440-4EF0-8FB3-8B112C49FBF6}.Debug|x86.Build.0 = Debug|Any CPU
		{F5FA64FA-A440-4EF0-8FB3-8B112C49FBF6}.Release|Any CPU.ActiveCfg = Release|Any CPU
		{F5FA64FA-A440-4EF0-8FB3-8B112C49FBF6}.Release|Any CPU.Build.0 = Release|Any CPU
		{F5FA64FA-A440-4EF0-8FB3-8B112C49FBF6}.Release|x64.ActiveCfg = Release|Any CPU
		{F5FA64FA-A440-4EF0-8FB3-8B112C49FBF6}.Release|x64.Build.0 = Release|Any CPU
		{F5FA64FA-A440-4EF0-8FB3-8B112C49FBF6}.Release|x86.ActiveCfg = Release|Any CPU
		{F5FA64FA-A440-4EF0-8FB3-8B112C49FBF6}.Release|x86.Build.0 = Release|Any CPU
		{3B24190A-4411-4929-B0BC-EAEDF8C4475E}.Debug|Any CPU.ActiveCfg = Debug|Any CPU
		{3B24190A-4411-4929-B0BC-EAEDF8C4475E}.Debug|Any CPU.Build.0 = Debug|Any CPU
		{3B24190A-4411-4929-B0BC-EAEDF8C4475E}.Debug|x64.ActiveCfg = Debug|Any CPU
		{3B24190A-4411-4929-B0BC-EAEDF8C4475E}.Debug|x64.Build.0 = Debug|Any CPU
		{3B24190A-4411-4929-B0BC-EAEDF8C4475E}.Debug|x86.ActiveCfg = Debug|Any CPU
		{3B24190A-4411-4929-B0BC-EAEDF8C4475E}.Debug|x86.Build.0 = Debug|Any CPU
		{3B24190A-4411-4929-B0BC-EAEDF8C4475E}.Release|Any CPU.ActiveCfg = Release|Any CPU
		{3B24190A-4411-4929-B0BC-EAEDF8C4475E}.Release|Any CPU.Build.0 = Release|Any CPU
		{3B24190A-4411-4929-B0BC-EAEDF8C4475E}.Release|x64.ActiveCfg = Release|Any CPU
		{3B24190A-4411-4929-B0BC-EAEDF8C4475E}.Release|x64.Build.0 = Release|Any CPU
		{3B24190A-4411-4929-B0BC-EAEDF8C4475E}.Release|x86.ActiveCfg = Release|Any CPU
		{3B24190A-4411-4929-B0BC-EAEDF8C4475E}.Release|x86.Build.0 = Release|Any CPU
		{0A9EFB59-901C-4E68-91F7-3451A09DF82C}.Debug|Any CPU.ActiveCfg = Debug|Any CPU
		{0A9EFB59-901C-4E68-91F7-3451A09DF82C}.Debug|Any CPU.Build.0 = Debug|Any CPU
		{0A9EFB59-901C-4E68-91F7-3451A09DF82C}.Debug|x64.ActiveCfg = Debug|Any CPU
		{0A9EFB59-901C-4E68-91F7-3451A09DF82C}.Debug|x64.Build.0 = Debug|Any CPU
		{0A9EFB59-901C-4E68-91F7-3451A09DF82C}.Debug|x86.ActiveCfg = Debug|Any CPU
		{0A9EFB59-901C-4E68-91F7-3451A09DF82C}.Debug|x86.Build.0 = Debug|Any CPU
		{0A9EFB59-901C-4E68-91F7-3451A09DF82C}.Release|Any CPU.ActiveCfg = Release|Any CPU
		{0A9EFB59-901C-4E68-91F7-3451A09DF82C}.Release|Any CPU.Build.0 = Release|Any CPU
		{0A9EFB59-901C-4E68-91F7-3451A09DF82C}.Release|x64.ActiveCfg = Release|Any CPU
		{0A9EFB59-901C-4E68-91F7-3451A09DF82C}.Release|x64.Build.0 = Release|Any CPU
		{0A9EFB59-901C-4E68-91F7-3451A09DF82C}.Release|x86.ActiveCfg = Release|Any CPU
		{0A9EFB59-901C-4E68-91F7-3451A09DF82C}.Release|x86.Build.0 = Release|Any CPU
		{1D7539FF-6998-43C8-9408-9D07AC8918BD}.Debug|Any CPU.ActiveCfg = Debug|Any CPU
		{1D7539FF-6998-43C8-9408-9D07AC8918BD}.Debug|Any CPU.Build.0 = Debug|Any CPU
		{1D7539FF-6998-43C8-9408-9D07AC8918BD}.Debug|x64.ActiveCfg = Debug|Any CPU
		{1D7539FF-6998-43C8-9408-9D07AC8918BD}.Debug|x64.Build.0 = Debug|Any CPU
		{1D7539FF-6998-43C8-9408-9D07AC8918BD}.Debug|x86.ActiveCfg = Debug|Any CPU
		{1D7539FF-6998-43C8-9408-9D07AC8918BD}.Debug|x86.Build.0 = Debug|Any CPU
		{1D7539FF-6998-43C8-9408-9D07AC8918BD}.Release|Any CPU.ActiveCfg = Release|Any CPU
		{1D7539FF-6998-43C8-9408-9D07AC8918BD}.Release|Any CPU.Build.0 = Release|Any CPU
		{1D7539FF-6998-43C8-9408-9D07AC8918BD}.Release|x64.ActiveCfg = Release|Any CPU
		{1D7539FF-6998-43C8-9408-9D07AC8918BD}.Release|x64.Build.0 = Release|Any CPU
		{1D7539FF-6998-43C8-9408-9D07AC8918BD}.Release|x86.ActiveCfg = Release|Any CPU
		{1D7539FF-6998-43C8-9408-9D07AC8918BD}.Release|x86.Build.0 = Release|Any CPU
		{27784A17-F766-4C56-9F20-C0BF76C16B42}.Debug|Any CPU.ActiveCfg = Debug|Any CPU
		{27784A17-F766-4C56-9F20-C0BF76C16B42}.Debug|Any CPU.Build.0 = Debug|Any CPU
		{27784A17-F766-4C56-9F20-C0BF76C16B42}.Debug|x64.ActiveCfg = Debug|Any CPU
		{27784A17-F766-4C56-9F20-C0BF76C16B42}.Debug|x64.Build.0 = Debug|Any CPU
		{27784A17-F766-4C56-9F20-C0BF76C16B42}.Debug|x86.ActiveCfg = Debug|Any CPU
		{27784A17-F766-4C56-9F20-C0BF76C16B42}.Debug|x86.Build.0 = Debug|Any CPU
		{27784A17-F766-4C56-9F20-C0BF76C16B42}.Release|Any CPU.ActiveCfg = Release|Any CPU
		{27784A17-F766-4C56-9F20-C0BF76C16B42}.Release|Any CPU.Build.0 = Release|Any CPU
		{27784A17-F766-4C56-9F20-C0BF76C16B42}.Release|x64.ActiveCfg = Release|Any CPU
		{27784A17-F766-4C56-9F20-C0BF76C16B42}.Release|x64.Build.0 = Release|Any CPU
		{27784A17-F766-4C56-9F20-C0BF76C16B42}.Release|x86.ActiveCfg = Release|Any CPU
		{27784A17-F766-4C56-9F20-C0BF76C16B42}.Release|x86.Build.0 = Release|Any CPU
		{963DD115-18B3-45DD-B23F-EB736A14C2CA}.Debug|Any CPU.ActiveCfg = Debug|Any CPU
		{963DD115-18B3-45DD-B23F-EB736A14C2CA}.Debug|Any CPU.Build.0 = Debug|Any CPU
		{963DD115-18B3-45DD-B23F-EB736A14C2CA}.Debug|x64.ActiveCfg = Debug|Any CPU
		{963DD115-18B3-45DD-B23F-EB736A14C2CA}.Debug|x64.Build.0 = Debug|Any CPU
		{963DD115-18B3-45DD-B23F-EB736A14C2CA}.Debug|x86.ActiveCfg = Debug|Any CPU
		{963DD115-18B3-45DD-B23F-EB736A14C2CA}.Debug|x86.Build.0 = Debug|Any CPU
		{963DD115-18B3-45DD-B23F-EB736A14C2CA}.Release|Any CPU.ActiveCfg = Release|Any CPU
		{963DD115-18B3-45DD-B23F-EB736A14C2CA}.Release|Any CPU.Build.0 = Release|Any CPU
		{963DD115-18B3-45DD-B23F-EB736A14C2CA}.Release|x64.ActiveCfg = Release|Any CPU
		{963DD115-18B3-45DD-B23F-EB736A14C2CA}.Release|x64.Build.0 = Release|Any CPU
		{963DD115-18B3-45DD-B23F-EB736A14C2CA}.Release|x86.ActiveCfg = Release|Any CPU
		{963DD115-18B3-45DD-B23F-EB736A14C2CA}.Release|x86.Build.0 = Release|Any CPU
		{FD5FA235-51F6-49AE-A2E1-194CFC23550D}.Debug|Any CPU.ActiveCfg = Debug|Any CPU
		{FD5FA235-51F6-49AE-A2E1-194CFC23550D}.Debug|Any CPU.Build.0 = Debug|Any CPU
		{FD5FA235-51F6-49AE-A2E1-194CFC23550D}.Debug|x64.ActiveCfg = Debug|Any CPU
		{FD5FA235-51F6-49AE-A2E1-194CFC23550D}.Debug|x64.Build.0 = Debug|Any CPU
		{FD5FA235-51F6-49AE-A2E1-194CFC23550D}.Debug|x86.ActiveCfg = Debug|Any CPU
		{FD5FA235-51F6-49AE-A2E1-194CFC23550D}.Debug|x86.Build.0 = Debug|Any CPU
		{FD5FA235-51F6-49AE-A2E1-194CFC23550D}.Release|Any CPU.ActiveCfg = Release|Any CPU
		{FD5FA235-51F6-49AE-A2E1-194CFC23550D}.Release|Any CPU.Build.0 = Release|Any CPU
		{FD5FA235-51F6-49AE-A2E1-194CFC23550D}.Release|x64.ActiveCfg = Release|Any CPU
		{FD5FA235-51F6-49AE-A2E1-194CFC23550D}.Release|x64.Build.0 = Release|Any CPU
		{FD5FA235-51F6-49AE-A2E1-194CFC23550D}.Release|x86.ActiveCfg = Release|Any CPU
		{FD5FA235-51F6-49AE-A2E1-194CFC23550D}.Release|x86.Build.0 = Release|Any CPU
		{AD965CAC-40CC-408C-A5D4-80AB72BEFF1C}.Debug|Any CPU.ActiveCfg = Debug|Any CPU
		{AD965CAC-40CC-408C-A5D4-80AB72BEFF1C}.Debug|Any CPU.Build.0 = Debug|Any CPU
		{AD965CAC-40CC-408C-A5D4-80AB72BEFF1C}.Debug|x64.ActiveCfg = Debug|Any CPU
		{AD965CAC-40CC-408C-A5D4-80AB72BEFF1C}.Debug|x64.Build.0 = Debug|Any CPU
		{AD965CAC-40CC-408C-A5D4-80AB72BEFF1C}.Debug|x86.ActiveCfg = Debug|Any CPU
		{AD965CAC-40CC-408C-A5D4-80AB72BEFF1C}.Debug|x86.Build.0 = Debug|Any CPU
		{AD965CAC-40CC-408C-A5D4-80AB72BEFF1C}.Release|Any CPU.ActiveCfg = Release|Any CPU
		{AD965CAC-40CC-408C-A5D4-80AB72BEFF1C}.Release|Any CPU.Build.0 = Release|Any CPU
		{AD965CAC-40CC-408C-A5D4-80AB72BEFF1C}.Release|x64.ActiveCfg = Release|Any CPU
		{AD965CAC-40CC-408C-A5D4-80AB72BEFF1C}.Release|x64.Build.0 = Release|Any CPU
		{AD965CAC-40CC-408C-A5D4-80AB72BEFF1C}.Release|x86.ActiveCfg = Release|Any CPU
		{AD965CAC-40CC-408C-A5D4-80AB72BEFF1C}.Release|x86.Build.0 = Release|Any CPU
		{0874AB55-2D29-4860-830E-94C82D294259}.Debug|Any CPU.ActiveCfg = Debug|Any CPU
		{0874AB55-2D29-4860-830E-94C82D294259}.Debug|Any CPU.Build.0 = Debug|Any CPU
		{0874AB55-2D29-4860-830E-94C82D294259}.Debug|x64.ActiveCfg = Debug|Any CPU
		{0874AB55-2D29-4860-830E-94C82D294259}.Debug|x64.Build.0 = Debug|Any CPU
		{0874AB55-2D29-4860-830E-94C82D294259}.Debug|x86.ActiveCfg = Debug|Any CPU
		{0874AB55-2D29-4860-830E-94C82D294259}.Debug|x86.Build.0 = Debug|Any CPU
		{0874AB55-2D29-4860-830E-94C82D294259}.Release|Any CPU.ActiveCfg = Release|Any CPU
		{0874AB55-2D29-4860-830E-94C82D294259}.Release|Any CPU.Build.0 = Release|Any CPU
		{0874AB55-2D29-4860-830E-94C82D294259}.Release|x64.ActiveCfg = Release|Any CPU
		{0874AB55-2D29-4860-830E-94C82D294259}.Release|x64.Build.0 = Release|Any CPU
		{0874AB55-2D29-4860-830E-94C82D294259}.Release|x86.ActiveCfg = Release|Any CPU
		{0874AB55-2D29-4860-830E-94C82D294259}.Release|x86.Build.0 = Release|Any CPU
		{E6774A1D-B69F-44D5-AB18-49494CF38B58}.Debug|Any CPU.ActiveCfg = Debug|Any CPU
		{E6774A1D-B69F-44D5-AB18-49494CF38B58}.Debug|Any CPU.Build.0 = Debug|Any CPU
		{E6774A1D-B69F-44D5-AB18-49494CF38B58}.Debug|x64.ActiveCfg = Debug|Any CPU
		{E6774A1D-B69F-44D5-AB18-49494CF38B58}.Debug|x64.Build.0 = Debug|Any CPU
		{E6774A1D-B69F-44D5-AB18-49494CF38B58}.Debug|x86.ActiveCfg = Debug|Any CPU
		{E6774A1D-B69F-44D5-AB18-49494CF38B58}.Debug|x86.Build.0 = Debug|Any CPU
		{E6774A1D-B69F-44D5-AB18-49494CF38B58}.Release|Any CPU.ActiveCfg = Release|Any CPU
		{E6774A1D-B69F-44D5-AB18-49494CF38B58}.Release|Any CPU.Build.0 = Release|Any CPU
		{E6774A1D-B69F-44D5-AB18-49494CF38B58}.Release|x64.ActiveCfg = Release|Any CPU
		{E6774A1D-B69F-44D5-AB18-49494CF38B58}.Release|x64.Build.0 = Release|Any CPU
		{E6774A1D-B69F-44D5-AB18-49494CF38B58}.Release|x86.ActiveCfg = Release|Any CPU
		{E6774A1D-B69F-44D5-AB18-49494CF38B58}.Release|x86.Build.0 = Release|Any CPU
		{CB658924-FD4D-406B-BDFC-2026BFFB6631}.Debug|Any CPU.ActiveCfg = Debug|Any CPU
		{CB658924-FD4D-406B-BDFC-2026BFFB6631}.Debug|Any CPU.Build.0 = Debug|Any CPU
		{CB658924-FD4D-406B-BDFC-2026BFFB6631}.Debug|x64.ActiveCfg = Debug|Any CPU
		{CB658924-FD4D-406B-BDFC-2026BFFB6631}.Debug|x64.Build.0 = Debug|Any CPU
		{CB658924-FD4D-406B-BDFC-2026BFFB6631}.Debug|x86.ActiveCfg = Debug|Any CPU
		{CB658924-FD4D-406B-BDFC-2026BFFB6631}.Debug|x86.Build.0 = Debug|Any CPU
		{CB658924-FD4D-406B-BDFC-2026BFFB6631}.Release|Any CPU.ActiveCfg = Release|Any CPU
		{CB658924-FD4D-406B-BDFC-2026BFFB6631}.Release|Any CPU.Build.0 = Release|Any CPU
		{CB658924-FD4D-406B-BDFC-2026BFFB6631}.Release|x64.ActiveCfg = Release|Any CPU
		{CB658924-FD4D-406B-BDFC-2026BFFB6631}.Release|x64.Build.0 = Release|Any CPU
		{CB658924-FD4D-406B-BDFC-2026BFFB6631}.Release|x86.ActiveCfg = Release|Any CPU
		{CB658924-FD4D-406B-BDFC-2026BFFB6631}.Release|x86.Build.0 = Release|Any CPU
		{513A6C10-EE5C-4CE0-8830-3F3AB6B1DD59}.Debug|Any CPU.ActiveCfg = Debug|Any CPU
		{513A6C10-EE5C-4CE0-8830-3F3AB6B1DD59}.Debug|Any CPU.Build.0 = Debug|Any CPU
		{513A6C10-EE5C-4CE0-8830-3F3AB6B1DD59}.Debug|x64.ActiveCfg = Debug|Any CPU
		{513A6C10-EE5C-4CE0-8830-3F3AB6B1DD59}.Debug|x64.Build.0 = Debug|Any CPU
		{513A6C10-EE5C-4CE0-8830-3F3AB6B1DD59}.Debug|x86.ActiveCfg = Debug|Any CPU
		{513A6C10-EE5C-4CE0-8830-3F3AB6B1DD59}.Debug|x86.Build.0 = Debug|Any CPU
		{513A6C10-EE5C-4CE0-8830-3F3AB6B1DD59}.Release|Any CPU.ActiveCfg = Release|Any CPU
		{513A6C10-EE5C-4CE0-8830-3F3AB6B1DD59}.Release|Any CPU.Build.0 = Release|Any CPU
		{513A6C10-EE5C-4CE0-8830-3F3AB6B1DD59}.Release|x64.ActiveCfg = Release|Any CPU
		{513A6C10-EE5C-4CE0-8830-3F3AB6B1DD59}.Release|x64.Build.0 = Release|Any CPU
		{513A6C10-EE5C-4CE0-8830-3F3AB6B1DD59}.Release|x86.ActiveCfg = Release|Any CPU
		{513A6C10-EE5C-4CE0-8830-3F3AB6B1DD59}.Release|x86.Build.0 = Release|Any CPU
		{41B41B7E-FBE1-4EF6-9936-E6EDC98FECFD}.Debug|Any CPU.ActiveCfg = Debug|Any CPU
		{41B41B7E-FBE1-4EF6-9936-E6EDC98FECFD}.Debug|Any CPU.Build.0 = Debug|Any CPU
		{41B41B7E-FBE1-4EF6-9936-E6EDC98FECFD}.Debug|x64.ActiveCfg = Debug|Any CPU
		{41B41B7E-FBE1-4EF6-9936-E6EDC98FECFD}.Debug|x64.Build.0 = Debug|Any CPU
		{41B41B7E-FBE1-4EF6-9936-E6EDC98FECFD}.Debug|x86.ActiveCfg = Debug|Any CPU
		{41B41B7E-FBE1-4EF6-9936-E6EDC98FECFD}.Debug|x86.Build.0 = Debug|Any CPU
		{41B41B7E-FBE1-4EF6-9936-E6EDC98FECFD}.Release|Any CPU.ActiveCfg = Release|Any CPU
		{41B41B7E-FBE1-4EF6-9936-E6EDC98FECFD}.Release|Any CPU.Build.0 = Release|Any CPU
		{41B41B7E-FBE1-4EF6-9936-E6EDC98FECFD}.Release|x64.ActiveCfg = Release|Any CPU
		{41B41B7E-FBE1-4EF6-9936-E6EDC98FECFD}.Release|x64.Build.0 = Release|Any CPU
		{41B41B7E-FBE1-4EF6-9936-E6EDC98FECFD}.Release|x86.ActiveCfg = Release|Any CPU
		{41B41B7E-FBE1-4EF6-9936-E6EDC98FECFD}.Release|x86.Build.0 = Release|Any CPU
		{8BC963AF-0AA2-48C0-B9BD-15163EB48382}.Debug|Any CPU.ActiveCfg = Debug|Any CPU
		{8BC963AF-0AA2-48C0-B9BD-15163EB48382}.Debug|Any CPU.Build.0 = Debug|Any CPU
		{8BC963AF-0AA2-48C0-B9BD-15163EB48382}.Debug|x64.ActiveCfg = Debug|Any CPU
		{8BC963AF-0AA2-48C0-B9BD-15163EB48382}.Debug|x64.Build.0 = Debug|Any CPU
		{8BC963AF-0AA2-48C0-B9BD-15163EB48382}.Debug|x86.ActiveCfg = Debug|Any CPU
		{8BC963AF-0AA2-48C0-B9BD-15163EB48382}.Debug|x86.Build.0 = Debug|Any CPU
		{8BC963AF-0AA2-48C0-B9BD-15163EB48382}.Release|Any CPU.ActiveCfg = Release|Any CPU
		{8BC963AF-0AA2-48C0-B9BD-15163EB48382}.Release|Any CPU.Build.0 = Release|Any CPU
		{8BC963AF-0AA2-48C0-B9BD-15163EB48382}.Release|x64.ActiveCfg = Release|Any CPU
		{8BC963AF-0AA2-48C0-B9BD-15163EB48382}.Release|x64.Build.0 = Release|Any CPU
		{8BC963AF-0AA2-48C0-B9BD-15163EB48382}.Release|x86.ActiveCfg = Release|Any CPU
		{8BC963AF-0AA2-48C0-B9BD-15163EB48382}.Release|x86.Build.0 = Release|Any CPU
		{293A73DA-6B73-49EF-8BBD-B9396DB99EA5}.Debug|Any CPU.ActiveCfg = Debug|Any CPU
		{293A73DA-6B73-49EF-8BBD-B9396DB99EA5}.Debug|Any CPU.Build.0 = Debug|Any CPU
		{293A73DA-6B73-49EF-8BBD-B9396DB99EA5}.Debug|x64.ActiveCfg = Debug|Any CPU
		{293A73DA-6B73-49EF-8BBD-B9396DB99EA5}.Debug|x64.Build.0 = Debug|Any CPU
		{293A73DA-6B73-49EF-8BBD-B9396DB99EA5}.Debug|x86.ActiveCfg = Debug|Any CPU
		{293A73DA-6B73-49EF-8BBD-B9396DB99EA5}.Debug|x86.Build.0 = Debug|Any CPU
		{293A73DA-6B73-49EF-8BBD-B9396DB99EA5}.Release|Any CPU.ActiveCfg = Release|Any CPU
		{293A73DA-6B73-49EF-8BBD-B9396DB99EA5}.Release|Any CPU.Build.0 = Release|Any CPU
		{293A73DA-6B73-49EF-8BBD-B9396DB99EA5}.Release|x64.ActiveCfg = Release|Any CPU
		{293A73DA-6B73-49EF-8BBD-B9396DB99EA5}.Release|x64.Build.0 = Release|Any CPU
		{293A73DA-6B73-49EF-8BBD-B9396DB99EA5}.Release|x86.ActiveCfg = Release|Any CPU
		{293A73DA-6B73-49EF-8BBD-B9396DB99EA5}.Release|x86.Build.0 = Release|Any CPU
		{9AC635CE-05D9-42BF-9815-E3809366F3A5}.Debug|Any CPU.ActiveCfg = Debug|Any CPU
		{9AC635CE-05D9-42BF-9815-E3809366F3A5}.Debug|Any CPU.Build.0 = Debug|Any CPU
		{9AC635CE-05D9-42BF-9815-E3809366F3A5}.Debug|x64.ActiveCfg = Debug|Any CPU
		{9AC635CE-05D9-42BF-9815-E3809366F3A5}.Debug|x64.Build.0 = Debug|Any CPU
		{9AC635CE-05D9-42BF-9815-E3809366F3A5}.Debug|x86.ActiveCfg = Debug|Any CPU
		{9AC635CE-05D9-42BF-9815-E3809366F3A5}.Debug|x86.Build.0 = Debug|Any CPU
		{9AC635CE-05D9-42BF-9815-E3809366F3A5}.Release|Any CPU.ActiveCfg = Release|Any CPU
		{9AC635CE-05D9-42BF-9815-E3809366F3A5}.Release|Any CPU.Build.0 = Release|Any CPU
		{9AC635CE-05D9-42BF-9815-E3809366F3A5}.Release|x64.ActiveCfg = Release|Any CPU
		{9AC635CE-05D9-42BF-9815-E3809366F3A5}.Release|x64.Build.0 = Release|Any CPU
		{9AC635CE-05D9-42BF-9815-E3809366F3A5}.Release|x86.ActiveCfg = Release|Any CPU
		{9AC635CE-05D9-42BF-9815-E3809366F3A5}.Release|x86.Build.0 = Release|Any CPU
		{C3B235B9-309D-4E7E-AF31-796B82262BCB}.Debug|Any CPU.ActiveCfg = Debug|Any CPU
		{C3B235B9-309D-4E7E-AF31-796B82262BCB}.Debug|Any CPU.Build.0 = Debug|Any CPU
		{C3B235B9-309D-4E7E-AF31-796B82262BCB}.Debug|x64.ActiveCfg = Debug|Any CPU
		{C3B235B9-309D-4E7E-AF31-796B82262BCB}.Debug|x64.Build.0 = Debug|Any CPU
		{C3B235B9-309D-4E7E-AF31-796B82262BCB}.Debug|x86.ActiveCfg = Debug|Any CPU
		{C3B235B9-309D-4E7E-AF31-796B82262BCB}.Debug|x86.Build.0 = Debug|Any CPU
		{C3B235B9-309D-4E7E-AF31-796B82262BCB}.Release|Any CPU.ActiveCfg = Release|Any CPU
		{C3B235B9-309D-4E7E-AF31-796B82262BCB}.Release|Any CPU.Build.0 = Release|Any CPU
		{C3B235B9-309D-4E7E-AF31-796B82262BCB}.Release|x64.ActiveCfg = Release|Any CPU
		{C3B235B9-309D-4E7E-AF31-796B82262BCB}.Release|x64.Build.0 = Release|Any CPU
		{C3B235B9-309D-4E7E-AF31-796B82262BCB}.Release|x86.ActiveCfg = Release|Any CPU
		{C3B235B9-309D-4E7E-AF31-796B82262BCB}.Release|x86.Build.0 = Release|Any CPU
		{DF4F61E9-10CA-4A3E-9C1E-0043D152BDE3}.Debug|Any CPU.ActiveCfg = Debug|Any CPU
		{DF4F61E9-10CA-4A3E-9C1E-0043D152BDE3}.Debug|Any CPU.Build.0 = Debug|Any CPU
		{DF4F61E9-10CA-4A3E-9C1E-0043D152BDE3}.Debug|x64.ActiveCfg = Debug|Any CPU
		{DF4F61E9-10CA-4A3E-9C1E-0043D152BDE3}.Debug|x64.Build.0 = Debug|Any CPU
		{DF4F61E9-10CA-4A3E-9C1E-0043D152BDE3}.Debug|x86.ActiveCfg = Debug|Any CPU
		{DF4F61E9-10CA-4A3E-9C1E-0043D152BDE3}.Debug|x86.Build.0 = Debug|Any CPU
		{DF4F61E9-10CA-4A3E-9C1E-0043D152BDE3}.Release|Any CPU.ActiveCfg = Release|Any CPU
		{DF4F61E9-10CA-4A3E-9C1E-0043D152BDE3}.Release|Any CPU.Build.0 = Release|Any CPU
		{DF4F61E9-10CA-4A3E-9C1E-0043D152BDE3}.Release|x64.ActiveCfg = Release|Any CPU
		{DF4F61E9-10CA-4A3E-9C1E-0043D152BDE3}.Release|x64.Build.0 = Release|Any CPU
		{DF4F61E9-10CA-4A3E-9C1E-0043D152BDE3}.Release|x86.ActiveCfg = Release|Any CPU
		{DF4F61E9-10CA-4A3E-9C1E-0043D152BDE3}.Release|x86.Build.0 = Release|Any CPU
		{8503A42A-A08A-446C-8160-5E2AE8041F62}.Debug|Any CPU.ActiveCfg = Debug|Any CPU
		{8503A42A-A08A-446C-8160-5E2AE8041F62}.Debug|Any CPU.Build.0 = Debug|Any CPU
		{8503A42A-A08A-446C-8160-5E2AE8041F62}.Debug|x64.ActiveCfg = Debug|Any CPU
		{8503A42A-A08A-446C-8160-5E2AE8041F62}.Debug|x64.Build.0 = Debug|Any CPU
		{8503A42A-A08A-446C-8160-5E2AE8041F62}.Debug|x86.ActiveCfg = Debug|Any CPU
		{8503A42A-A08A-446C-8160-5E2AE8041F62}.Debug|x86.Build.0 = Debug|Any CPU
		{8503A42A-A08A-446C-8160-5E2AE8041F62}.Release|Any CPU.ActiveCfg = Release|Any CPU
		{8503A42A-A08A-446C-8160-5E2AE8041F62}.Release|Any CPU.Build.0 = Release|Any CPU
		{8503A42A-A08A-446C-8160-5E2AE8041F62}.Release|x64.ActiveCfg = Release|Any CPU
		{8503A42A-A08A-446C-8160-5E2AE8041F62}.Release|x64.Build.0 = Release|Any CPU
		{8503A42A-A08A-446C-8160-5E2AE8041F62}.Release|x86.ActiveCfg = Release|Any CPU
		{8503A42A-A08A-446C-8160-5E2AE8041F62}.Release|x86.Build.0 = Release|Any CPU
		{8C5AE128-B6D7-43FC-80CC-C6CE5E306A26}.Debug|Any CPU.ActiveCfg = Debug|Any CPU
		{8C5AE128-B6D7-43FC-80CC-C6CE5E306A26}.Debug|Any CPU.Build.0 = Debug|Any CPU
		{8C5AE128-B6D7-43FC-80CC-C6CE5E306A26}.Debug|x64.ActiveCfg = Debug|Any CPU
		{8C5AE128-B6D7-43FC-80CC-C6CE5E306A26}.Debug|x64.Build.0 = Debug|Any CPU
		{8C5AE128-B6D7-43FC-80CC-C6CE5E306A26}.Debug|x86.ActiveCfg = Debug|Any CPU
		{8C5AE128-B6D7-43FC-80CC-C6CE5E306A26}.Debug|x86.Build.0 = Debug|Any CPU
		{8C5AE128-B6D7-43FC-80CC-C6CE5E306A26}.Release|Any CPU.ActiveCfg = Release|Any CPU
		{8C5AE128-B6D7-43FC-80CC-C6CE5E306A26}.Release|Any CPU.Build.0 = Release|Any CPU
		{8C5AE128-B6D7-43FC-80CC-C6CE5E306A26}.Release|x64.ActiveCfg = Release|Any CPU
		{8C5AE128-B6D7-43FC-80CC-C6CE5E306A26}.Release|x64.Build.0 = Release|Any CPU
		{8C5AE128-B6D7-43FC-80CC-C6CE5E306A26}.Release|x86.ActiveCfg = Release|Any CPU
		{8C5AE128-B6D7-43FC-80CC-C6CE5E306A26}.Release|x86.Build.0 = Release|Any CPU
		{14F8EC34-6A6F-4BEE-A6ED-C2A695C137FE}.Debug|Any CPU.ActiveCfg = Debug|Any CPU
		{14F8EC34-6A6F-4BEE-A6ED-C2A695C137FE}.Debug|Any CPU.Build.0 = Debug|Any CPU
		{14F8EC34-6A6F-4BEE-A6ED-C2A695C137FE}.Debug|x64.ActiveCfg = Debug|Any CPU
		{14F8EC34-6A6F-4BEE-A6ED-C2A695C137FE}.Debug|x64.Build.0 = Debug|Any CPU
		{14F8EC34-6A6F-4BEE-A6ED-C2A695C137FE}.Debug|x86.ActiveCfg = Debug|Any CPU
		{14F8EC34-6A6F-4BEE-A6ED-C2A695C137FE}.Debug|x86.Build.0 = Debug|Any CPU
		{14F8EC34-6A6F-4BEE-A6ED-C2A695C137FE}.Release|Any CPU.ActiveCfg = Release|Any CPU
		{14F8EC34-6A6F-4BEE-A6ED-C2A695C137FE}.Release|Any CPU.Build.0 = Release|Any CPU
		{14F8EC34-6A6F-4BEE-A6ED-C2A695C137FE}.Release|x64.ActiveCfg = Release|Any CPU
		{14F8EC34-6A6F-4BEE-A6ED-C2A695C137FE}.Release|x64.Build.0 = Release|Any CPU
		{14F8EC34-6A6F-4BEE-A6ED-C2A695C137FE}.Release|x86.ActiveCfg = Release|Any CPU
		{14F8EC34-6A6F-4BEE-A6ED-C2A695C137FE}.Release|x86.Build.0 = Release|Any CPU
		{66C5C621-284D-4453-908E-DC292A338DD1}.Debug|Any CPU.ActiveCfg = Debug|Any CPU
		{66C5C621-284D-4453-908E-DC292A338DD1}.Debug|Any CPU.Build.0 = Debug|Any CPU
		{66C5C621-284D-4453-908E-DC292A338DD1}.Debug|x64.ActiveCfg = Debug|Any CPU
		{66C5C621-284D-4453-908E-DC292A338DD1}.Debug|x64.Build.0 = Debug|Any CPU
		{66C5C621-284D-4453-908E-DC292A338DD1}.Debug|x86.ActiveCfg = Debug|Any CPU
		{66C5C621-284D-4453-908E-DC292A338DD1}.Debug|x86.Build.0 = Debug|Any CPU
		{66C5C621-284D-4453-908E-DC292A338DD1}.Release|Any CPU.ActiveCfg = Release|Any CPU
		{66C5C621-284D-4453-908E-DC292A338DD1}.Release|Any CPU.Build.0 = Release|Any CPU
		{66C5C621-284D-4453-908E-DC292A338DD1}.Release|x64.ActiveCfg = Release|Any CPU
		{66C5C621-284D-4453-908E-DC292A338DD1}.Release|x64.Build.0 = Release|Any CPU
		{66C5C621-284D-4453-908E-DC292A338DD1}.Release|x86.ActiveCfg = Release|Any CPU
		{66C5C621-284D-4453-908E-DC292A338DD1}.Release|x86.Build.0 = Release|Any CPU
		{CCE53074-5F72-49F5-B3E1-2321731214E8}.Debug|Any CPU.ActiveCfg = Debug|Any CPU
		{CCE53074-5F72-49F5-B3E1-2321731214E8}.Debug|Any CPU.Build.0 = Debug|Any CPU
		{CCE53074-5F72-49F5-B3E1-2321731214E8}.Debug|x64.ActiveCfg = Debug|Any CPU
		{CCE53074-5F72-49F5-B3E1-2321731214E8}.Debug|x64.Build.0 = Debug|Any CPU
		{CCE53074-5F72-49F5-B3E1-2321731214E8}.Debug|x86.ActiveCfg = Debug|Any CPU
		{CCE53074-5F72-49F5-B3E1-2321731214E8}.Debug|x86.Build.0 = Debug|Any CPU
		{CCE53074-5F72-49F5-B3E1-2321731214E8}.Release|Any CPU.ActiveCfg = Release|Any CPU
		{CCE53074-5F72-49F5-B3E1-2321731214E8}.Release|Any CPU.Build.0 = Release|Any CPU
		{CCE53074-5F72-49F5-B3E1-2321731214E8}.Release|x64.ActiveCfg = Release|Any CPU
		{CCE53074-5F72-49F5-B3E1-2321731214E8}.Release|x64.Build.0 = Release|Any CPU
		{CCE53074-5F72-49F5-B3E1-2321731214E8}.Release|x86.ActiveCfg = Release|Any CPU
		{CCE53074-5F72-49F5-B3E1-2321731214E8}.Release|x86.Build.0 = Release|Any CPU
		{156F3724-56CB-47BE-9E39-48ED2C13733C}.Debug|Any CPU.ActiveCfg = Debug|Any CPU
		{156F3724-56CB-47BE-9E39-48ED2C13733C}.Debug|Any CPU.Build.0 = Debug|Any CPU
		{156F3724-56CB-47BE-9E39-48ED2C13733C}.Debug|x64.ActiveCfg = Debug|Any CPU
		{156F3724-56CB-47BE-9E39-48ED2C13733C}.Debug|x64.Build.0 = Debug|Any CPU
		{156F3724-56CB-47BE-9E39-48ED2C13733C}.Debug|x86.ActiveCfg = Debug|Any CPU
		{156F3724-56CB-47BE-9E39-48ED2C13733C}.Debug|x86.Build.0 = Debug|Any CPU
		{156F3724-56CB-47BE-9E39-48ED2C13733C}.Release|Any CPU.ActiveCfg = Release|Any CPU
		{156F3724-56CB-47BE-9E39-48ED2C13733C}.Release|Any CPU.Build.0 = Release|Any CPU
		{156F3724-56CB-47BE-9E39-48ED2C13733C}.Release|x64.ActiveCfg = Release|Any CPU
		{156F3724-56CB-47BE-9E39-48ED2C13733C}.Release|x64.Build.0 = Release|Any CPU
		{156F3724-56CB-47BE-9E39-48ED2C13733C}.Release|x86.ActiveCfg = Release|Any CPU
		{156F3724-56CB-47BE-9E39-48ED2C13733C}.Release|x86.Build.0 = Release|Any CPU
		{F5084BB0-C071-4ED9-A4E7-20A49CDEDBE9}.Debug|Any CPU.ActiveCfg = Debug|Any CPU
		{F5084BB0-C071-4ED9-A4E7-20A49CDEDBE9}.Debug|Any CPU.Build.0 = Debug|Any CPU
		{F5084BB0-C071-4ED9-A4E7-20A49CDEDBE9}.Debug|x64.ActiveCfg = Debug|Any CPU
		{F5084BB0-C071-4ED9-A4E7-20A49CDEDBE9}.Debug|x64.Build.0 = Debug|Any CPU
		{F5084BB0-C071-4ED9-A4E7-20A49CDEDBE9}.Debug|x86.ActiveCfg = Debug|Any CPU
		{F5084BB0-C071-4ED9-A4E7-20A49CDEDBE9}.Debug|x86.Build.0 = Debug|Any CPU
		{F5084BB0-C071-4ED9-A4E7-20A49CDEDBE9}.Release|Any CPU.ActiveCfg = Release|Any CPU
		{F5084BB0-C071-4ED9-A4E7-20A49CDEDBE9}.Release|Any CPU.Build.0 = Release|Any CPU
		{F5084BB0-C071-4ED9-A4E7-20A49CDEDBE9}.Release|x64.ActiveCfg = Release|Any CPU
		{F5084BB0-C071-4ED9-A4E7-20A49CDEDBE9}.Release|x64.Build.0 = Release|Any CPU
		{F5084BB0-C071-4ED9-A4E7-20A49CDEDBE9}.Release|x86.ActiveCfg = Release|Any CPU
		{F5084BB0-C071-4ED9-A4E7-20A49CDEDBE9}.Release|x86.Build.0 = Release|Any CPU
	EndGlobalSection
	GlobalSection(SolutionProperties) = preSolution
		HideSolutionNode = FALSE
	EndGlobalSection
	GlobalSection(NestedProjects) = preSolution
		{D8968F19-B251-FF31-F472-A5B74E406BDE} = {4BBBE4A4-5E20-EC94-B8A9-FAABF1E5E815}
		{CEC72762-3119-458A-B168-F44EC315A574} = {D8968F19-B251-FF31-F472-A5B74E406BDE}
		{C47557D6-6CFE-409E-B840-D956AA85FE5F} = {D8968F19-B251-FF31-F472-A5B74E406BDE}
		{17D81B17-7117-4CD4-B346-4124B3AA3483} = {D8968F19-B251-FF31-F472-A5B74E406BDE}
		{637B125B-C9FD-4AED-81B5-86AE24652DB4} = {D8968F19-B251-FF31-F472-A5B74E406BDE}
		{E936808B-9145-4700-93F6-8ABD9C52B73D} = {D8968F19-B251-FF31-F472-A5B74E406BDE}
		{53EA1F12-6FCA-4EDB-8184-907DA582AE39} = {D8968F19-B251-FF31-F472-A5B74E406BDE}
		{DB066B00-E095-4A69-922B-A3E1044CFDC2} = {D8968F19-B251-FF31-F472-A5B74E406BDE}
		{690C029D-246C-420C-916D-1CDBE3BC2EA5} = {D8968F19-B251-FF31-F472-A5B74E406BDE}
		{EC340F31-0F5C-4958-9F52-DC0F433F178B} = {D8968F19-B251-FF31-F472-A5B74E406BDE}
		{97932D4D-4975-48E3-AB2E-85CA8833E761} = {D8968F19-B251-FF31-F472-A5B74E406BDE}
		{627DF177-8248-4212-9456-82EA2D5D87B4} = {D8968F19-B251-FF31-F472-A5B74E406BDE}
		{D8F9C2AF-A85C-41A5-B07C-03528B9EF86F} = {D8968F19-B251-FF31-F472-A5B74E406BDE}
		{F5FA64FA-A440-4EF0-8FB3-8B112C49FBF6} = {D8968F19-B251-FF31-F472-A5B74E406BDE}
		{3B24190A-4411-4929-B0BC-EAEDF8C4475E} = {D8968F19-B251-FF31-F472-A5B74E406BDE}
		{0A9EFB59-901C-4E68-91F7-3451A09DF82C} = {D8968F19-B251-FF31-F472-A5B74E406BDE}
		{1D7539FF-6998-43C8-9408-9D07AC8918BD} = {D8968F19-B251-FF31-F472-A5B74E406BDE}
		{27784A17-F766-4C56-9F20-C0BF76C16B42} = {D8968F19-B251-FF31-F472-A5B74E406BDE}
		{963DD115-18B3-45DD-B23F-EB736A14C2CA} = {D8968F19-B251-FF31-F472-A5B74E406BDE}
		{FD5FA235-51F6-49AE-A2E1-194CFC23550D} = {D8968F19-B251-FF31-F472-A5B74E406BDE}
		{AD965CAC-40CC-408C-A5D4-80AB72BEFF1C} = {D8968F19-B251-FF31-F472-A5B74E406BDE}
		{0874AB55-2D29-4860-830E-94C82D294259} = {D8968F19-B251-FF31-F472-A5B74E406BDE}
		{E6774A1D-B69F-44D5-AB18-49494CF38B58} = {D8968F19-B251-FF31-F472-A5B74E406BDE}
		{CB658924-FD4D-406B-BDFC-2026BFFB6631} = {D8968F19-B251-FF31-F472-A5B74E406BDE}
		{513A6C10-EE5C-4CE0-8830-3F3AB6B1DD59} = {D8968F19-B251-FF31-F472-A5B74E406BDE}
		{41B41B7E-FBE1-4EF6-9936-E6EDC98FECFD} = {D8968F19-B251-FF31-F472-A5B74E406BDE}
		{8BC963AF-0AA2-48C0-B9BD-15163EB48382} = {D8968F19-B251-FF31-F472-A5B74E406BDE}
		{76F15BD2-FA34-5971-87AA-2BE146CC7CC8} = {4BBBE4A4-5E20-EC94-B8A9-FAABF1E5E815}
		{293A73DA-6B73-49EF-8BBD-B9396DB99EA5} = {76F15BD2-FA34-5971-87AA-2BE146CC7CC8}
		{9AC635CE-05D9-42BF-9815-E3809366F3A5} = {76F15BD2-FA34-5971-87AA-2BE146CC7CC8}
		{FC2BB2F5-E0C8-F08D-841F-0E4D6E7D1E27} = {D2E041D3-666A-23B8-D476-3D0859F1F72A}
		{C3B235B9-309D-4E7E-AF31-796B82262BCB} = {FC2BB2F5-E0C8-F08D-841F-0E4D6E7D1E27}
		{C252BB7D-B93B-E3AE-A588-FBA38C88AFFC} = {D2E041D3-666A-23B8-D476-3D0859F1F72A}
		{DF4F61E9-10CA-4A3E-9C1E-0043D152BDE3} = {C252BB7D-B93B-E3AE-A588-FBA38C88AFFC}
		{8503A42A-A08A-446C-8160-5E2AE8041F62} = {C252BB7D-B93B-E3AE-A588-FBA38C88AFFC}
		{8C5AE128-B6D7-43FC-80CC-C6CE5E306A26} = {C252BB7D-B93B-E3AE-A588-FBA38C88AFFC}
		{14F8EC34-6A6F-4BEE-A6ED-C2A695C137FE} = {C252BB7D-B93B-E3AE-A588-FBA38C88AFFC}
		{66C5C621-284D-4453-908E-DC292A338DD1} = {C252BB7D-B93B-E3AE-A588-FBA38C88AFFC}
		{CCE53074-5F72-49F5-B3E1-2321731214E8} = {C252BB7D-B93B-E3AE-A588-FBA38C88AFFC}
		{156F3724-56CB-47BE-9E39-48ED2C13733C} = {C252BB7D-B93B-E3AE-A588-FBA38C88AFFC}
		{F5084BB0-C071-4ED9-A4E7-20A49CDEDBE9} = {C252BB7D-B93B-E3AE-A588-FBA38C88AFFC}
	EndGlobalSection
EndGlobal
