
Microsoft Visual Studio Solution File, Format Version 12.00
# Visual Studio Version 17
VisualStudioVersion = 17.0.31903.59
MinimumVisualStudioVersion = 10.0.40219.1
Project("{2150E333-8FDC-42A3-9474-1A3956D46DE8}") = "src", "src", "{827E0CD3-B72D-47B6-A68D-7590B98EB39B}"
EndProject
Project("{FAE04EC0-301F-11D3-BF4B-00C04F79EFBC}") = "SqlFlow.Core", "src\SqlFlow.Core\SqlFlow.Core.csproj", "{140547B9-1E2A-49BA-9CFF-1AE2BB13FC3C}"
EndProject
Project("{FAE04EC0-301F-11D3-BF4B-00C04F79EFBC}") = "SqlFlow.SqlServer", "src\SqlFlow.SqlServer\SqlFlow.SqlServer.csproj", "{A11A0E54-04A2-49F4-B6C8-1C1FBAF86764}"
EndProject
Project("{FAE04EC0-301F-11D3-BF4B-00C04F79EFBC}") = "SqlFlow.Sources", "src\SqlFlow.Sources\SqlFlow.Sources.csproj", "{CE7DD859-7EAE-4537-83FA-09BA9983BD7A}"
EndProject
Project("{FAE04EC0-301F-11D3-BF4B-00C04F79EFBC}") = "SqlFlow.Yaml", "src\SqlFlow.Yaml\SqlFlow.Yaml.csproj", "{5AF3B724-F294-4104-8A3B-0CABC5005740}"
EndProject
Project("{FAE04EC0-301F-11D3-BF4B-00C04F79EFBC}") = "SqlFlow.Cli", "src\SqlFlow.Cli\SqlFlow.Cli.csproj", "{8298D759-0BE1-469E-B917-30FC8DC90AE2}"
EndProject
Project("{2150E333-8FDC-42A3-9474-1A3956D46DE8}") = "tests", "tests", "{0AB3BF05-4346-4AA6-1389-037BE0695223}"
EndProject
Project("{FAE04EC0-301F-11D3-BF4B-00C04F79EFBC}") = "SqlFlow.Core.Tests", "tests\SqlFlow.Core.Tests\SqlFlow.Core.Tests.csproj", "{BB463B1A-5374-4D59-B7E7-E7258EA57638}"
EndProject
Project("{FAE04EC0-301F-11D3-BF4B-00C04F79EFBC}") = "SqlFlow.Azure", "src\SqlFlow.Azure\SqlFlow.Azure.csproj", "{2688B8A1-EE7E-41A9-AF74-D3AD8E18D7F0}"
EndProject
Project("{FAE04EC0-301F-11D3-BF4B-00C04F79EFBC}") = "SqlFlow.Providers", "src\SqlFlow.Providers\SqlFlow.Providers.csproj", "{5B4AE914-1467-4D66-809C-2068FCD0A259}"
EndProject
Project("{FAE04EC0-301F-11D3-BF4B-00C04F79EFBC}") = "SqlFlow.HealthCheck", "src\SqlFlow.HealthCheck\SqlFlow.HealthCheck.csproj", "{5AF1DCEC-D2CC-49CF-B476-0FEF63BE2941}"
EndProject
Project("{FAE04EC0-301F-11D3-BF4B-00C04F79EFBC}") = "SqlFlow.Lineage", "src\SqlFlow.Lineage\SqlFlow.Lineage.csproj", "{52DE506F-4E80-459B-A3D7-6D2D260563CF}"
EndProject
Project("{FAE04EC0-301F-11D3-BF4B-00C04F79EFBC}") = "SqlFlow.SourceControl", "src\SqlFlow.SourceControl\SqlFlow.SourceControl.csproj", "{0F3E712F-97E9-496F-B2F8-217D65BB69FE}"
EndProject
Project("{FAE04EC0-301F-11D3-BF4B-00C04F79EFBC}") = "SqlFlow.Orchestration", "src\SqlFlow.Orchestration\SqlFlow.Orchestration.csproj", "{405F4942-AFAC-48E6-8DF9-53B55770F8A4}"
EndProject
Project("{FAE04EC0-301F-11D3-BF4B-00C04F79EFBC}") = "SqlFlow.DuckDb", "src\SqlFlow.DuckDb\SqlFlow.DuckDb.csproj", "{B4C74221-7548-4F55-8F96-3E282F5C3B06}"
EndProject
Project("{FAE04EC0-301F-11D3-BF4B-00C04F79EFBC}") = "SqlFlow.Catalog", "src\SqlFlow.Catalog\SqlFlow.Catalog.csproj", "{F8DA9B0F-92E8-4BC7-A4BD-97A278E187BC}"
EndProject
Project("{FAE04EC0-301F-11D3-BF4B-00C04F79EFBC}") = "SqlFlow.ControlPlane", "src\SqlFlow.ControlPlane\SqlFlow.ControlPlane.csproj", "{B11771E9-BF00-4294-87D1-B6D67C02ADD5}"
EndProject
Project("{FAE04EC0-301F-11D3-BF4B-00C04F79EFBC}") = "SqlFlow.ControlPlane.Tests", "tests\SqlFlow.ControlPlane.Tests\SqlFlow.ControlPlane.Tests.csproj", "{DA1F49DD-E100-4CBE-B43B-8F2911E59F62}"
EndProject
Project("{FAE04EC0-301F-11D3-BF4B-00C04F79EFBC}") = "SqlFlow.Execution", "src\SqlFlow.Execution\SqlFlow.Execution.csproj", "{40A8E643-C547-4CBB-8773-EEBA42F0B381}"
EndProject
Project("{FAE04EC0-301F-11D3-BF4B-00C04F79EFBC}") = "SqlFlow.Node", "src\SqlFlow.Node\SqlFlow.Node.csproj", "{C3CE88E9-DF40-452C-94D9-3C38A34CFDA9}"
EndProject
Project("{FAE04EC0-301F-11D3-BF4B-00C04F79EFBC}") = "SqlFlow.SlackBot", "src\SqlFlow.SlackBot\SqlFlow.SlackBot.csproj", "{5BAD1E40-7BAA-47BC-8799-0ECD621F01D4}"
EndProject
Project("{FAE04EC0-301F-11D3-BF4B-00C04F79EFBC}") = "SqlFlow.SlackBot.Tests", "tests\SqlFlow.SlackBot.Tests\SqlFlow.SlackBot.Tests.csproj", "{78D738F5-AF6C-4D34-BBFA-4C0603E08A82}"
EndProject
Project("{FAE04EC0-301F-11D3-BF4B-00C04F79EFBC}") = "SqlFlow.Acquire", "src\SqlFlow.Acquire\SqlFlow.Acquire.csproj", "{80A4EE83-35B5-4637-93A4-743130015686}"
EndProject
Project("{FAE04EC0-301F-11D3-BF4B-00C04F79EFBC}") = "SqlFlow.Acquire.Tests", "tests\SqlFlow.Acquire.Tests\SqlFlow.Acquire.Tests.csproj", "{FD3D096C-31DF-46CF-98EB-C18586C9FFED}"
EndProject
Project("{FAE04EC0-301F-11D3-BF4B-00C04F79EFBC}") = "SqlFlow.Copy", "src\SqlFlow.Copy\SqlFlow.Copy.csproj", "{B60AE4D6-A1FC-416B-B627-F310F5540A4C}"
EndProject
Project("{FAE04EC0-301F-11D3-BF4B-00C04F79EFBC}") = "SqlFlow.Copy.Tests", "tests\SqlFlow.Copy.Tests\SqlFlow.Copy.Tests.csproj", "{3F632841-2505-4219-941B-B4CA21769DCF}"
EndProject
Project("{FAE04EC0-301F-11D3-BF4B-00C04F79EFBC}") = "SqlFlow.Sftp", "src\SqlFlow.Sftp\SqlFlow.Sftp.csproj", "{8F166765-FFF1-419C-93E7-506615C580AE}"
EndProject
Project("{FAE04EC0-301F-11D3-BF4B-00C04F79EFBC}") = "SqlFlow.Sftp.Tests", "tests\SqlFlow.Sftp.Tests\SqlFlow.Sftp.Tests.csproj", "{1075C074-47D4-4057-A423-034C72F52C77}"
EndProject
Project("{FAE04EC0-301F-11D3-BF4B-00C04F79EFBC}") = "SqlFlow.Translate", "src\SqlFlow.Translate\SqlFlow.Translate.csproj", "{E9BE77A8-EFAE-4CA4-A4E5-506A5D6E3AB7}"
EndProject
Project("{FAE04EC0-301F-11D3-BF4B-00C04F79EFBC}") = "SqlFlow.Translate.Tests", "tests\SqlFlow.Translate.Tests\SqlFlow.Translate.Tests.csproj", "{0E9C354F-714E-48A4-BABF-D693A8EEF1A2}"
EndProject
Project("{FAE04EC0-301F-11D3-BF4B-00C04F79EFBC}") = "SqlFlow.Assistant", "src\SqlFlow.Assistant\SqlFlow.Assistant.csproj", "{593A10AC-1CE2-4DE4-BE8D-D51CC4733A8D}"
EndProject
Global
	GlobalSection(SolutionConfigurationPlatforms) = preSolution
		Debug|Any CPU = Debug|Any CPU
		Debug|x64 = Debug|x64
		Debug|x86 = Debug|x86
		Release|Any CPU = Release|Any CPU
		Release|x64 = Release|x64
		Release|x86 = Release|x86
	EndGlobalSection
	GlobalSection(ProjectConfigurationPlatforms) = postSolution
		{140547B9-1E2A-49BA-9CFF-1AE2BB13FC3C}.Debug|Any CPU.ActiveCfg = Debug|Any CPU
		{140547B9-1E2A-49BA-9CFF-1AE2BB13FC3C}.Debug|Any CPU.Build.0 = Debug|Any CPU
		{140547B9-1E2A-49BA-9CFF-1AE2BB13FC3C}.Debug|x64.ActiveCfg = Debug|Any CPU
		{140547B9-1E2A-49BA-9CFF-1AE2BB13FC3C}.Debug|x64.Build.0 = Debug|Any CPU
		{140547B9-1E2A-49BA-9CFF-1AE2BB13FC3C}.Debug|x86.ActiveCfg = Debug|Any CPU
		{140547B9-1E2A-49BA-9CFF-1AE2BB13FC3C}.Debug|x86.Build.0 = Debug|Any CPU
		{140547B9-1E2A-49BA-9CFF-1AE2BB13FC3C}.Release|Any CPU.ActiveCfg = Release|Any CPU
		{140547B9-1E2A-49BA-9CFF-1AE2BB13FC3C}.Release|Any CPU.Build.0 = Release|Any CPU
		{140547B9-1E2A-49BA-9CFF-1AE2BB13FC3C}.Release|x64.ActiveCfg = Release|Any CPU
		{140547B9-1E2A-49BA-9CFF-1AE2BB13FC3C}.Release|x64.Build.0 = Release|Any CPU
		{140547B9-1E2A-49BA-9CFF-1AE2BB13FC3C}.Release|x86.ActiveCfg = Release|Any CPU
		{140547B9-1E2A-49BA-9CFF-1AE2BB13FC3C}.Release|x86.Build.0 = Release|Any CPU
		{A11A0E54-04A2-49F4-B6C8-1C1FBAF86764}.Debug|Any CPU.ActiveCfg = Debug|Any CPU
		{A11A0E54-04A2-49F4-B6C8-1C1FBAF86764}.Debug|Any CPU.Build.0 = Debug|Any CPU
		{A11A0E54-04A2-49F4-B6C8-1C1FBAF86764}.Debug|x64.ActiveCfg = Debug|Any CPU
		{A11A0E54-04A2-49F4-B6C8-1C1FBAF86764}.Debug|x64.Build.0 = Debug|Any CPU
		{A11A0E54-04A2-49F4-B6C8-1C1FBAF86764}.Debug|x86.ActiveCfg = Debug|Any CPU
		{A11A0E54-04A2-49F4-B6C8-1C1FBAF86764}.Debug|x86.Build.0 = Debug|Any CPU
		{A11A0E54-04A2-49F4-B6C8-1C1FBAF86764}.Release|Any CPU.ActiveCfg = Release|Any CPU
		{A11A0E54-04A2-49F4-B6C8-1C1FBAF86764}.Release|Any CPU.Build.0 = Release|Any CPU
		{A11A0E54-04A2-49F4-B6C8-1C1FBAF86764}.Release|x64.ActiveCfg = Release|Any CPU
		{A11A0E54-04A2-49F4-B6C8-1C1FBAF86764}.Release|x64.Build.0 = Release|Any CPU
		{A11A0E54-04A2-49F4-B6C8-1C1FBAF86764}.Release|x86.ActiveCfg = Release|Any CPU
		{A11A0E54-04A2-49F4-B6C8-1C1FBAF86764}.Release|x86.Build.0 = Release|Any CPU
		{CE7DD859-7EAE-4537-83FA-09BA9983BD7A}.Debug|Any CPU.ActiveCfg = Debug|Any CPU
		{CE7DD859-7EAE-4537-83FA-09BA9983BD7A}.Debug|Any CPU.Build.0 = Debug|Any CPU
		{CE7DD859-7EAE-4537-83FA-09BA9983BD7A}.Debug|x64.ActiveCfg = Debug|Any CPU
		{CE7DD859-7EAE-4537-83FA-09BA9983BD7A}.Debug|x64.Build.0 = Debug|Any CPU
		{CE7DD859-7EAE-4537-83FA-09BA9983BD7A}.Debug|x86.ActiveCfg = Debug|Any CPU
		{CE7DD859-7EAE-4537-83FA-09BA9983BD7A}.Debug|x86.Build.0 = Debug|Any CPU
		{CE7DD859-7EAE-4537-83FA-09BA9983BD7A}.Release|Any CPU.ActiveCfg = Release|Any CPU
		{CE7DD859-7EAE-4537-83FA-09BA9983BD7A}.Release|Any CPU.Build.0 = Release|Any CPU
		{CE7DD859-7EAE-4537-83FA-09BA9983BD7A}.Release|x64.ActiveCfg = Release|Any CPU
		{CE7DD859-7EAE-4537-83FA-09BA9983BD7A}.Release|x64.Build.0 = Release|Any CPU
		{CE7DD859-7EAE-4537-83FA-09BA9983BD7A}.Release|x86.ActiveCfg = Release|Any CPU
		{CE7DD859-7EAE-4537-83FA-09BA9983BD7A}.Release|x86.Build.0 = Release|Any CPU
		{5AF3B724-F294-4104-8A3B-0CABC5005740}.Debug|Any CPU.ActiveCfg = Debug|Any CPU
		{5AF3B724-F294-4104-8A3B-0CABC5005740}.Debug|Any CPU.Build.0 = Debug|Any CPU
		{5AF3B724-F294-4104-8A3B-0CABC5005740}.Debug|x64.ActiveCfg = Debug|Any CPU
		{5AF3B724-F294-4104-8A3B-0CABC5005740}.Debug|x64.Build.0 = Debug|Any CPU
		{5AF3B724-F294-4104-8A3B-0CABC5005740}.Debug|x86.ActiveCfg = Debug|Any CPU
		{5AF3B724-F294-4104-8A3B-0CABC5005740}.Debug|x86.Build.0 = Debug|Any CPU
		{5AF3B724-F294-4104-8A3B-0CABC5005740}.Release|Any CPU.ActiveCfg = Release|Any CPU
		{5AF3B724-F294-4104-8A3B-0CABC5005740}.Release|Any CPU.Build.0 = Release|Any CPU
		{5AF3B724-F294-4104-8A3B-0CABC5005740}.Release|x64.ActiveCfg = Release|Any CPU
		{5AF3B724-F294-4104-8A3B-0CABC5005740}.Release|x64.Build.0 = Release|Any CPU
		{5AF3B724-F294-4104-8A3B-0CABC5005740}.Release|x86.ActiveCfg = Release|Any CPU
		{5AF3B724-F294-4104-8A3B-0CABC5005740}.Release|x86.Build.0 = Release|Any CPU
		{8298D759-0BE1-469E-B917-30FC8DC90AE2}.Debug|Any CPU.ActiveCfg = Debug|Any CPU
		{8298D759-0BE1-469E-B917-30FC8DC90AE2}.Debug|Any CPU.Build.0 = Debug|Any CPU
		{8298D759-0BE1-469E-B917-30FC8DC90AE2}.Debug|x64.ActiveCfg = Debug|Any CPU
		{8298D759-0BE1-469E-B917-30FC8DC90AE2}.Debug|x64.Build.0 = Debug|Any CPU
		{8298D759-0BE1-469E-B917-30FC8DC90AE2}.Debug|x86.ActiveCfg = Debug|Any CPU
		{8298D759-0BE1-469E-B917-30FC8DC90AE2}.Debug|x86.Build.0 = Debug|Any CPU
		{8298D759-0BE1-469E-B917-30FC8DC90AE2}.Release|Any CPU.ActiveCfg = Release|Any CPU
		{8298D759-0BE1-469E-B917-30FC8DC90AE2}.Release|Any CPU.Build.0 = Release|Any CPU
		{8298D759-0BE1-469E-B917-30FC8DC90AE2}.Release|x64.ActiveCfg = Release|Any CPU
		{8298D759-0BE1-469E-B917-30FC8DC90AE2}.Release|x64.Build.0 = Release|Any CPU
		{8298D759-0BE1-469E-B917-30FC8DC90AE2}.Release|x86.ActiveCfg = Release|Any CPU
		{8298D759-0BE1-469E-B917-30FC8DC90AE2}.Release|x86.Build.0 = Release|Any CPU
		{BB463B1A-5374-4D59-B7E7-E7258EA57638}.Debug|Any CPU.ActiveCfg = Debug|Any CPU
		{BB463B1A-5374-4D59-B7E7-E7258EA57638}.Debug|Any CPU.Build.0 = Debug|Any CPU
		{BB463B1A-5374-4D59-B7E7-E7258EA57638}.Debug|x64.ActiveCfg = Debug|Any CPU
		{BB463B1A-5374-4D59-B7E7-E7258EA57638}.Debug|x64.Build.0 = Debug|Any CPU
		{BB463B1A-5374-4D59-B7E7-E7258EA57638}.Debug|x86.ActiveCfg = Debug|Any CPU
		{BB463B1A-5374-4D59-B7E7-E7258EA57638}.Debug|x86.Build.0 = Debug|Any CPU
		{BB463B1A-5374-4D59-B7E7-E7258EA57638}.Release|Any CPU.ActiveCfg = Release|Any CPU
		{BB463B1A-5374-4D59-B7E7-E7258EA57638}.Release|Any CPU.Build.0 = Release|Any CPU
		{BB463B1A-5374-4D59-B7E7-E7258EA57638}.Release|x64.ActiveCfg = Release|Any CPU
		{BB463B1A-5374-4D59-B7E7-E7258EA57638}.Release|x64.Build.0 = Release|Any CPU
		{BB463B1A-5374-4D59-B7E7-E7258EA57638}.Release|x86.ActiveCfg = Release|Any CPU
		{BB463B1A-5374-4D59-B7E7-E7258EA57638}.Release|x86.Build.0 = Release|Any CPU
		{2688B8A1-EE7E-41A9-AF74-D3AD8E18D7F0}.Debug|Any CPU.ActiveCfg = Debug|Any CPU
		{2688B8A1-EE7E-41A9-AF74-D3AD8E18D7F0}.Debug|Any CPU.Build.0 = Debug|Any CPU
		{2688B8A1-EE7E-41A9-AF74-D3AD8E18D7F0}.Debug|x64.ActiveCfg = Debug|Any CPU
		{2688B8A1-EE7E-41A9-AF74-D3AD8E18D7F0}.Debug|x64.Build.0 = Debug|Any CPU
		{2688B8A1-EE7E-41A9-AF74-D3AD8E18D7F0}.Debug|x86.ActiveCfg = Debug|Any CPU
		{2688B8A1-EE7E-41A9-AF74-D3AD8E18D7F0}.Debug|x86.Build.0 = Debug|Any CPU
		{2688B8A1-EE7E-41A9-AF74-D3AD8E18D7F0}.Release|Any CPU.ActiveCfg = Release|Any CPU
		{2688B8A1-EE7E-41A9-AF74-D3AD8E18D7F0}.Release|Any CPU.Build.0 = Release|Any CPU
		{2688B8A1-EE7E-41A9-AF74-D3AD8E18D7F0}.Release|x64.ActiveCfg = Release|Any CPU
		{2688B8A1-EE7E-41A9-AF74-D3AD8E18D7F0}.Release|x64.Build.0 = Release|Any CPU
		{2688B8A1-EE7E-41A9-AF74-D3AD8E18D7F0}.Release|x86.ActiveCfg = Release|Any CPU
		{2688B8A1-EE7E-41A9-AF74-D3AD8E18D7F0}.Release|x86.Build.0 = Release|Any CPU
		{5B4AE914-1467-4D66-809C-2068FCD0A259}.Debug|Any CPU.ActiveCfg = Debug|Any CPU
		{5B4AE914-1467-4D66-809C-2068FCD0A259}.Debug|Any CPU.Build.0 = Debug|Any CPU
		{5B4AE914-1467-4D66-809C-2068FCD0A259}.Debug|x64.ActiveCfg = Debug|Any CPU
		{5B4AE914-1467-4D66-809C-2068FCD0A259}.Debug|x64.Build.0 = Debug|Any CPU
		{5B4AE914-1467-4D66-809C-2068FCD0A259}.Debug|x86.ActiveCfg = Debug|Any CPU
		{5B4AE914-1467-4D66-809C-2068FCD0A259}.Debug|x86.Build.0 = Debug|Any CPU
		{5B4AE914-1467-4D66-809C-2068FCD0A259}.Release|Any CPU.ActiveCfg = Release|Any CPU
		{5B4AE914-1467-4D66-809C-2068FCD0A259}.Release|Any CPU.Build.0 = Release|Any CPU
		{5B4AE914-1467-4D66-809C-2068FCD0A259}.Release|x64.ActiveCfg = Release|Any CPU
		{5B4AE914-1467-4D66-809C-2068FCD0A259}.Release|x64.Build.0 = Release|Any CPU
		{5B4AE914-1467-4D66-809C-2068FCD0A259}.Release|x86.ActiveCfg = Release|Any CPU
		{5B4AE914-1467-4D66-809C-2068FCD0A259}.Release|x86.Build.0 = Release|Any CPU
		{5AF1DCEC-D2CC-49CF-B476-0FEF63BE2941}.Debug|Any CPU.ActiveCfg = Debug|Any CPU
		{5AF1DCEC-D2CC-49CF-B476-0FEF63BE2941}.Debug|Any CPU.Build.0 = Debug|Any CPU
		{5AF1DCEC-D2CC-49CF-B476-0FEF63BE2941}.Debug|x64.ActiveCfg = Debug|Any CPU
		{5AF1DCEC-D2CC-49CF-B476-0FEF63BE2941}.Debug|x64.Build.0 = Debug|Any CPU
		{5AF1DCEC-D2CC-49CF-B476-0FEF63BE2941}.Debug|x86.ActiveCfg = Debug|Any CPU
		{5AF1DCEC-D2CC-49CF-B476-0FEF63BE2941}.Debug|x86.Build.0 = Debug|Any CPU
		{5AF1DCEC-D2CC-49CF-B476-0FEF63BE2941}.Release|Any CPU.ActiveCfg = Release|Any CPU
		{5AF1DCEC-D2CC-49CF-B476-0FEF63BE2941}.Release|Any CPU.Build.0 = Release|Any CPU
		{5AF1DCEC-D2CC-49CF-B476-0FEF63BE2941}.Release|x64.ActiveCfg = Release|Any CPU
		{5AF1DCEC-D2CC-49CF-B476-0FEF63BE2941}.Release|x64.Build.0 = Release|Any CPU
		{5AF1DCEC-D2CC-49CF-B476-0FEF63BE2941}.Release|x86.ActiveCfg = Release|Any CPU
		{5AF1DCEC-D2CC-49CF-B476-0FEF63BE2941}.Release|x86.Build.0 = Release|Any CPU
		{52DE506F-4E80-459B-A3D7-6D2D260563CF}.Debug|Any CPU.ActiveCfg = Debug|Any CPU
		{52DE506F-4E80-459B-A3D7-6D2D260563CF}.Debug|Any CPU.Build.0 = Debug|Any CPU
		{52DE506F-4E80-459B-A3D7-6D2D260563CF}.Debug|x64.ActiveCfg = Debug|Any CPU
		{52DE506F-4E80-459B-A3D7-6D2D260563CF}.Debug|x64.Build.0 = Debug|Any CPU
		{52DE506F-4E80-459B-A3D7-6D2D260563CF}.Debug|x86.ActiveCfg = Debug|Any CPU
		{52DE506F-4E80-459B-A3D7-6D2D260563CF}.Debug|x86.Build.0 = Debug|Any CPU
		{52DE506F-4E80-459B-A3D7-6D2D260563CF}.Release|Any CPU.ActiveCfg = Release|Any CPU
		{52DE506F-4E80-459B-A3D7-6D2D260563CF}.Release|Any CPU.Build.0 = Release|Any CPU
		{52DE506F-4E80-459B-A3D7-6D2D260563CF}.Release|x64.ActiveCfg = Release|Any CPU
		{52DE506F-4E80-459B-A3D7-6D2D260563CF}.Release|x64.Build.0 = Release|Any CPU
		{52DE506F-4E80-459B-A3D7-6D2D260563CF}.Release|x86.ActiveCfg = Release|Any CPU
		{52DE506F-4E80-459B-A3D7-6D2D260563CF}.Release|x86.Build.0 = Release|Any CPU
		{0F3E712F-97E9-496F-B2F8-217D65BB69FE}.Debug|Any CPU.ActiveCfg = Debug|Any CPU
		{0F3E712F-97E9-496F-B2F8-217D65BB69FE}.Debug|Any CPU.Build.0 = Debug|Any CPU
		{0F3E712F-97E9-496F-B2F8-217D65BB69FE}.Debug|x64.ActiveCfg = Debug|Any CPU
		{0F3E712F-97E9-496F-B2F8-217D65BB69FE}.Debug|x64.Build.0 = Debug|Any CPU
		{0F3E712F-97E9-496F-B2F8-217D65BB69FE}.Debug|x86.ActiveCfg = Debug|Any CPU
		{0F3E712F-97E9-496F-B2F8-217D65BB69FE}.Debug|x86.Build.0 = Debug|Any CPU
		{0F3E712F-97E9-496F-B2F8-217D65BB69FE}.Release|Any CPU.ActiveCfg = Release|Any CPU
		{0F3E712F-97E9-496F-B2F8-217D65BB69FE}.Release|Any CPU.Build.0 = Release|Any CPU
		{0F3E712F-97E9-496F-B2F8-217D65BB69FE}.Release|x64.ActiveCfg = Release|Any CPU
		{0F3E712F-97E9-496F-B2F8-217D65BB69FE}.Release|x64.Build.0 = Release|Any CPU
		{0F3E712F-97E9-496F-B2F8-217D65BB69FE}.Release|x86.ActiveCfg = Release|Any CPU
		{0F3E712F-97E9-496F-B2F8-217D65BB69FE}.Release|x86.Build.0 = Release|Any CPU
		{405F4942-AFAC-48E6-8DF9-53B55770F8A4}.Debug|Any CPU.ActiveCfg = Debug|Any CPU
		{405F4942-AFAC-48E6-8DF9-53B55770F8A4}.Debug|Any CPU.Build.0 = Debug|Any CPU
		{405F4942-AFAC-48E6-8DF9-53B55770F8A4}.Debug|x64.ActiveCfg = Debug|Any CPU
		{405F4942-AFAC-48E6-8DF9-53B55770F8A4}.Debug|x64.Build.0 = Debug|Any CPU
		{405F4942-AFAC-48E6-8DF9-53B55770F8A4}.Debug|x86.ActiveCfg = Debug|Any CPU
		{405F4942-AFAC-48E6-8DF9-53B55770F8A4}.Debug|x86.Build.0 = Debug|Any CPU
		{405F4942-AFAC-48E6-8DF9-53B55770F8A4}.Release|Any CPU.ActiveCfg = Release|Any CPU
		{405F4942-AFAC-48E6-8DF9-53B55770F8A4}.Release|Any CPU.Build.0 = Release|Any CPU
		{405F4942-AFAC-48E6-8DF9-53B55770F8A4}.Release|x64.ActiveCfg = Release|Any CPU
		{405F4942-AFAC-48E6-8DF9-53B55770F8A4}.Release|x64.Build.0 = Release|Any CPU
		{405F4942-AFAC-48E6-8DF9-53B55770F8A4}.Release|x86.ActiveCfg = Release|Any CPU
		{405F4942-AFAC-48E6-8DF9-53B55770F8A4}.Release|x86.Build.0 = Release|Any CPU
		{B4C74221-7548-4F55-8F96-3E282F5C3B06}.Debug|Any CPU.ActiveCfg = Debug|Any CPU
		{B4C74221-7548-4F55-8F96-3E282F5C3B06}.Debug|Any CPU.Build.0 = Debug|Any CPU
		{B4C74221-7548-4F55-8F96-3E282F5C3B06}.Debug|x64.ActiveCfg = Debug|Any CPU
		{B4C74221-7548-4F55-8F96-3E282F5C3B06}.Debug|x64.Build.0 = Debug|Any CPU
		{B4C74221-7548-4F55-8F96-3E282F5C3B06}.Debug|x86.ActiveCfg = Debug|Any CPU
		{B4C74221-7548-4F55-8F96-3E282F5C3B06}.Debug|x86.Build.0 = Debug|Any CPU
		{B4C74221-7548-4F55-8F96-3E282F5C3B06}.Release|Any CPU.ActiveCfg = Release|Any CPU
		{B4C74221-7548-4F55-8F96-3E282F5C3B06}.Release|Any CPU.Build.0 = Release|Any CPU
		{B4C74221-7548-4F55-8F96-3E282F5C3B06}.Release|x64.ActiveCfg = Release|Any CPU
		{B4C74221-7548-4F55-8F96-3E282F5C3B06}.Release|x64.Build.0 = Release|Any CPU
		{B4C74221-7548-4F55-8F96-3E282F5C3B06}.Release|x86.ActiveCfg = Release|Any CPU
		{B4C74221-7548-4F55-8F96-3E282F5C3B06}.Release|x86.Build.0 = Release|Any CPU
		{F8DA9B0F-92E8-4BC7-A4BD-97A278E187BC}.Debug|Any CPU.ActiveCfg = Debug|Any CPU
		{F8DA9B0F-92E8-4BC7-A4BD-97A278E187BC}.Debug|Any CPU.Build.0 = Debug|Any CPU
		{F8DA9B0F-92E8-4BC7-A4BD-97A278E187BC}.Debug|x64.ActiveCfg = Debug|Any CPU
		{F8DA9B0F-92E8-4BC7-A4BD-97A278E187BC}.Debug|x64.Build.0 = Debug|Any CPU
		{F8DA9B0F-92E8-4BC7-A4BD-97A278E187BC}.Debug|x86.ActiveCfg = Debug|Any CPU
		{F8DA9B0F-92E8-4BC7-A4BD-97A278E187BC}.Debug|x86.Build.0 = Debug|Any CPU
		{F8DA9B0F-92E8-4BC7-A4BD-97A278E187BC}.Release|Any CPU.ActiveCfg = Release|Any CPU
		{F8DA9B0F-92E8-4BC7-A4BD-97A278E187BC}.Release|Any CPU.Build.0 = Release|Any CPU
		{F8DA9B0F-92E8-4BC7-A4BD-97A278E187BC}.Release|x64.ActiveCfg = Release|Any CPU
		{F8DA9B0F-92E8-4BC7-A4BD-97A278E187BC}.Release|x64.Build.0 = Release|Any CPU
		{F8DA9B0F-92E8-4BC7-A4BD-97A278E187BC}.Release|x86.ActiveCfg = Release|Any CPU
		{F8DA9B0F-92E8-4BC7-A4BD-97A278E187BC}.Release|x86.Build.0 = Release|Any CPU
		{B11771E9-BF00-4294-87D1-B6D67C02ADD5}.Debug|Any CPU.ActiveCfg = Debug|Any CPU
		{B11771E9-BF00-4294-87D1-B6D67C02ADD5}.Debug|Any CPU.Build.0 = Debug|Any CPU
		{B11771E9-BF00-4294-87D1-B6D67C02ADD5}.Debug|x64.ActiveCfg = Debug|Any CPU
		{B11771E9-BF00-4294-87D1-B6D67C02ADD5}.Debug|x64.Build.0 = Debug|Any CPU
		{B11771E9-BF00-4294-87D1-B6D67C02ADD5}.Debug|x86.ActiveCfg = Debug|Any CPU
		{B11771E9-BF00-4294-87D1-B6D67C02ADD5}.Debug|x86.Build.0 = Debug|Any CPU
		{B11771E9-BF00-4294-87D1-B6D67C02ADD5}.Release|Any CPU.ActiveCfg = Release|Any CPU
		{B11771E9-BF00-4294-87D1-B6D67C02ADD5}.Release|Any CPU.Build.0 = Release|Any CPU
		{B11771E9-BF00-4294-87D1-B6D67C02ADD5}.Release|x64.ActiveCfg = Release|Any CPU
		{B11771E9-BF00-4294-87D1-B6D67C02ADD5}.Release|x64.Build.0 = Release|Any CPU
		{B11771E9-BF00-4294-87D1-B6D67C02ADD5}.Release|x86.ActiveCfg = Release|Any CPU
		{B11771E9-BF00-4294-87D1-B6D67C02ADD5}.Release|x86.Build.0 = Release|Any CPU
		{DA1F49DD-E100-4CBE-B43B-8F2911E59F62}.Debug|Any CPU.ActiveCfg = Debug|Any CPU
		{DA1F49DD-E100-4CBE-B43B-8F2911E59F62}.Debug|Any CPU.Build.0 = Debug|Any CPU
		{DA1F49DD-E100-4CBE-B43B-8F2911E59F62}.Debug|x64.ActiveCfg = Debug|Any CPU
		{DA1F49DD-E100-4CBE-B43B-8F2911E59F62}.Debug|x64.Build.0 = Debug|Any CPU
		{DA1F49DD-E100-4CBE-B43B-8F2911E59F62}.Debug|x86.ActiveCfg = Debug|Any CPU
		{DA1F49DD-E100-4CBE-B43B-8F2911E59F62}.Debug|x86.Build.0 = Debug|Any CPU
		{DA1F49DD-E100-4CBE-B43B-8F2911E59F62}.Release|Any CPU.ActiveCfg = Release|Any CPU
		{DA1F49DD-E100-4CBE-B43B-8F2911E59F62}.Release|Any CPU.Build.0 = Release|Any CPU
		{DA1F49DD-E100-4CBE-B43B-8F2911E59F62}.Release|x64.ActiveCfg = Release|Any CPU
		{DA1F49DD-E100-4CBE-B43B-8F2911E59F62}.Release|x64.Build.0 = Release|Any CPU
		{DA1F49DD-E100-4CBE-B43B-8F2911E59F62}.Release|x86.ActiveCfg = Release|Any CPU
		{DA1F49DD-E100-4CBE-B43B-8F2911E59F62}.Release|x86.Build.0 = Release|Any CPU
		{40A8E643-C547-4CBB-8773-EEBA42F0B381}.Debug|Any CPU.ActiveCfg = Debug|Any CPU
		{40A8E643-C547-4CBB-8773-EEBA42F0B381}.Debug|Any CPU.Build.0 = Debug|Any CPU
		{40A8E643-C547-4CBB-8773-EEBA42F0B381}.Debug|x64.ActiveCfg = Debug|Any CPU
		{40A8E643-C547-4CBB-8773-EEBA42F0B381}.Debug|x64.Build.0 = Debug|Any CPU
		{40A8E643-C547-4CBB-8773-EEBA42F0B381}.Debug|x86.ActiveCfg = Debug|Any CPU
		{40A8E643-C547-4CBB-8773-EEBA42F0B381}.Debug|x86.Build.0 = Debug|Any CPU
		{40A8E643-C547-4CBB-8773-EEBA42F0B381}.Release|Any CPU.ActiveCfg = Release|Any CPU
		{40A8E643-C547-4CBB-8773-EEBA42F0B381}.Release|Any CPU.Build.0 = Release|Any CPU
		{40A8E643-C547-4CBB-8773-EEBA42F0B381}.Release|x64.ActiveCfg = Release|Any CPU
		{40A8E643-C547-4CBB-8773-EEBA42F0B381}.Release|x64.Build.0 = Release|Any CPU
		{40A8E643-C547-4CBB-8773-EEBA42F0B381}.Release|x86.ActiveCfg = Release|Any CPU
		{40A8E643-C547-4CBB-8773-EEBA42F0B381}.Release|x86.Build.0 = Release|Any CPU
		{C3CE88E9-DF40-452C-94D9-3C38A34CFDA9}.Debug|Any CPU.ActiveCfg = Debug|Any CPU
		{C3CE88E9-DF40-452C-94D9-3C38A34CFDA9}.Debug|Any CPU.Build.0 = Debug|Any CPU
		{C3CE88E9-DF40-452C-94D9-3C38A34CFDA9}.Debug|x64.ActiveCfg = Debug|Any CPU
		{C3CE88E9-DF40-452C-94D9-3C38A34CFDA9}.Debug|x64.Build.0 = Debug|Any CPU
		{C3CE88E9-DF40-452C-94D9-3C38A34CFDA9}.Debug|x86.ActiveCfg = Debug|Any CPU
		{C3CE88E9-DF40-452C-94D9-3C38A34CFDA9}.Debug|x86.Build.0 = Debug|Any CPU
		{C3CE88E9-DF40-452C-94D9-3C38A34CFDA9}.Release|Any CPU.ActiveCfg = Release|Any CPU
		{C3CE88E9-DF40-452C-94D9-3C38A34CFDA9}.Release|Any CPU.Build.0 = Release|Any CPU
		{C3CE88E9-DF40-452C-94D9-3C38A34CFDA9}.Release|x64.ActiveCfg = Release|Any CPU
		{C3CE88E9-DF40-452C-94D9-3C38A34CFDA9}.Release|x64.Build.0 = Release|Any CPU
		{C3CE88E9-DF40-452C-94D9-3C38A34CFDA9}.Release|x86.ActiveCfg = Release|Any CPU
		{C3CE88E9-DF40-452C-94D9-3C38A34CFDA9}.Release|x86.Build.0 = Release|Any CPU
		{5BAD1E40-7BAA-47BC-8799-0ECD621F01D4}.Debug|Any CPU.ActiveCfg = Debug|Any CPU
		{5BAD1E40-7BAA-47BC-8799-0ECD621F01D4}.Debug|Any CPU.Build.0 = Debug|Any CPU
		{5BAD1E40-7BAA-47BC-8799-0ECD621F01D4}.Debug|x64.ActiveCfg = Debug|Any CPU
		{5BAD1E40-7BAA-47BC-8799-0ECD621F01D4}.Debug|x64.Build.0 = Debug|Any CPU
		{5BAD1E40-7BAA-47BC-8799-0ECD621F01D4}.Debug|x86.ActiveCfg = Debug|Any CPU
		{5BAD1E40-7BAA-47BC-8799-0ECD621F01D4}.Debug|x86.Build.0 = Debug|Any CPU
		{5BAD1E40-7BAA-47BC-8799-0ECD621F01D4}.Release|Any CPU.ActiveCfg = Release|Any CPU
		{5BAD1E40-7BAA-47BC-8799-0ECD621F01D4}.Release|Any CPU.Build.0 = Release|Any CPU
		{5BAD1E40-7BAA-47BC-8799-0ECD621F01D4}.Release|x64.ActiveCfg = Release|Any CPU
		{5BAD1E40-7BAA-47BC-8799-0ECD621F01D4}.Release|x64.Build.0 = Release|Any CPU
		{5BAD1E40-7BAA-47BC-8799-0ECD621F01D4}.Release|x86.ActiveCfg = Release|Any CPU
		{5BAD1E40-7BAA-47BC-8799-0ECD621F01D4}.Release|x86.Build.0 = Release|Any CPU
		{78D738F5-AF6C-4D34-BBFA-4C0603E08A82}.Debug|Any CPU.ActiveCfg = Debug|Any CPU
		{78D738F5-AF6C-4D34-BBFA-4C0603E08A82}.Debug|Any CPU.Build.0 = Debug|Any CPU
		{78D738F5-AF6C-4D34-BBFA-4C0603E08A82}.Debug|x64.ActiveCfg = Debug|Any CPU
		{78D738F5-AF6C-4D34-BBFA-4C0603E08A82}.Debug|x64.Build.0 = Debug|Any CPU
		{78D738F5-AF6C-4D34-BBFA-4C0603E08A82}.Debug|x86.ActiveCfg = Debug|Any CPU
		{78D738F5-AF6C-4D34-BBFA-4C0603E08A82}.Debug|x86.Build.0 = Debug|Any CPU
		{78D738F5-AF6C-4D34-BBFA-4C0603E08A82}.Release|Any CPU.ActiveCfg = Release|Any CPU
		{78D738F5-AF6C-4D34-BBFA-4C0603E08A82}.Release|Any CPU.Build.0 = Release|Any CPU
		{78D738F5-AF6C-4D34-BBFA-4C0603E08A82}.Release|x64.ActiveCfg = Release|Any CPU
		{78D738F5-AF6C-4D34-BBFA-4C0603E08A82}.Release|x64.Build.0 = Release|Any CPU
		{78D738F5-AF6C-4D34-BBFA-4C0603E08A82}.Release|x86.ActiveCfg = Release|Any CPU
		{78D738F5-AF6C-4D34-BBFA-4C0603E08A82}.Release|x86.Build.0 = Release|Any CPU
		{80A4EE83-35B5-4637-93A4-743130015686}.Debug|Any CPU.ActiveCfg = Debug|Any CPU
		{80A4EE83-35B5-4637-93A4-743130015686}.Debug|Any CPU.Build.0 = Debug|Any CPU
		{80A4EE83-35B5-4637-93A4-743130015686}.Debug|x64.ActiveCfg = Debug|Any CPU
		{80A4EE83-35B5-4637-93A4-743130015686}.Debug|x64.Build.0 = Debug|Any CPU
		{80A4EE83-35B5-4637-93A4-743130015686}.Debug|x86.ActiveCfg = Debug|Any CPU
		{80A4EE83-35B5-4637-93A4-743130015686}.Debug|x86.Build.0 = Debug|Any CPU
		{80A4EE83-35B5-4637-93A4-743130015686}.Release|Any CPU.ActiveCfg = Release|Any CPU
		{80A4EE83-35B5-4637-93A4-743130015686}.Release|Any CPU.Build.0 = Release|Any CPU
		{80A4EE83-35B5-4637-93A4-743130015686}.Release|x64.ActiveCfg = Release|Any CPU
		{80A4EE83-35B5-4637-93A4-743130015686}.Release|x64.Build.0 = Release|Any CPU
		{80A4EE83-35B5-4637-93A4-743130015686}.Release|x86.ActiveCfg = Release|Any CPU
		{80A4EE83-35B5-4637-93A4-743130015686}.Release|x86.Build.0 = Release|Any CPU
		{FD3D096C-31DF-46CF-98EB-C18586C9FFED}.Debug|Any CPU.ActiveCfg = Debug|Any CPU
		{FD3D096C-31DF-46CF-98EB-C18586C9FFED}.Debug|Any CPU.Build.0 = Debug|Any CPU
		{FD3D096C-31DF-46CF-98EB-C18586C9FFED}.Debug|x64.ActiveCfg = Debug|Any CPU
		{FD3D096C-31DF-46CF-98EB-C18586C9FFED}.Debug|x64.Build.0 = Debug|Any CPU
		{FD3D096C-31DF-46CF-98EB-C18586C9FFED}.Debug|x86.ActiveCfg = Debug|Any CPU
		{FD3D096C-31DF-46CF-98EB-C18586C9FFED}.Debug|x86.Build.0 = Debug|Any CPU
		{FD3D096C-31DF-46CF-98EB-C18586C9FFED}.Release|Any CPU.ActiveCfg = Release|Any CPU
		{FD3D096C-31DF-46CF-98EB-C18586C9FFED}.Release|Any CPU.Build.0 = Release|Any CPU
		{FD3D096C-31DF-46CF-98EB-C18586C9FFED}.Release|x64.ActiveCfg = Release|Any CPU
		{FD3D096C-31DF-46CF-98EB-C18586C9FFED}.Release|x64.Build.0 = Release|Any CPU
		{FD3D096C-31DF-46CF-98EB-C18586C9FFED}.Release|x86.ActiveCfg = Release|Any CPU
		{FD3D096C-31DF-46CF-98EB-C18586C9FFED}.Release|x86.Build.0 = Release|Any CPU
		{B60AE4D6-A1FC-416B-B627-F310F5540A4C}.Debug|Any CPU.ActiveCfg = Debug|Any CPU
		{B60AE4D6-A1FC-416B-B627-F310F5540A4C}.Debug|Any CPU.Build.0 = Debug|Any CPU
		{B60AE4D6-A1FC-416B-B627-F310F5540A4C}.Debug|x64.ActiveCfg = Debug|Any CPU
		{B60AE4D6-A1FC-416B-B627-F310F5540A4C}.Debug|x64.Build.0 = Debug|Any CPU
		{B60AE4D6-A1FC-416B-B627-F310F5540A4C}.Debug|x86.ActiveCfg = Debug|Any CPU
		{B60AE4D6-A1FC-416B-B627-F310F5540A4C}.Debug|x86.Build.0 = Debug|Any CPU
		{B60AE4D6-A1FC-416B-B627-F310F5540A4C}.Release|Any CPU.ActiveCfg = Release|Any CPU
		{B60AE4D6-A1FC-416B-B627-F310F5540A4C}.Release|Any CPU.Build.0 = Release|Any CPU
		{B60AE4D6-A1FC-416B-B627-F310F5540A4C}.Release|x64.ActiveCfg = Release|Any CPU
		{B60AE4D6-A1FC-416B-B627-F310F5540A4C}.Release|x64.Build.0 = Release|Any CPU
		{B60AE4D6-A1FC-416B-B627-F310F5540A4C}.Release|x86.ActiveCfg = Release|Any CPU
		{B60AE4D6-A1FC-416B-B627-F310F5540A4C}.Release|x86.Build.0 = Release|Any CPU
		{3F632841-2505-4219-941B-B4CA21769DCF}.Debug|Any CPU.ActiveCfg = Debug|Any CPU
		{3F632841-2505-4219-941B-B4CA21769DCF}.Debug|Any CPU.Build.0 = Debug|Any CPU
		{3F632841-2505-4219-941B-B4CA21769DCF}.Debug|x64.ActiveCfg = Debug|Any CPU
		{3F632841-2505-4219-941B-B4CA21769DCF}.Debug|x64.Build.0 = Debug|Any CPU
		{3F632841-2505-4219-941B-B4CA21769DCF}.Debug|x86.ActiveCfg = Debug|Any CPU
		{3F632841-2505-4219-941B-B4CA21769DCF}.Debug|x86.Build.0 = Debug|Any CPU
		{3F632841-2505-4219-941B-B4CA21769DCF}.Release|Any CPU.ActiveCfg = Release|Any CPU
		{3F632841-2505-4219-941B-B4CA21769DCF}.Release|Any CPU.Build.0 = Release|Any CPU
		{3F632841-2505-4219-941B-B4CA21769DCF}.Release|x64.ActiveCfg = Release|Any CPU
		{3F632841-2505-4219-941B-B4CA21769DCF}.Release|x64.Build.0 = Release|Any CPU
		{3F632841-2505-4219-941B-B4CA21769DCF}.Release|x86.ActiveCfg = Release|Any CPU
		{3F632841-2505-4219-941B-B4CA21769DCF}.Release|x86.Build.0 = Release|Any CPU
		{8F166765-FFF1-419C-93E7-506615C580AE}.Debug|Any CPU.ActiveCfg = Debug|Any CPU
		{8F166765-FFF1-419C-93E7-506615C580AE}.Debug|Any CPU.Build.0 = Debug|Any CPU
		{8F166765-FFF1-419C-93E7-506615C580AE}.Debug|x64.ActiveCfg = Debug|Any CPU
		{8F166765-FFF1-419C-93E7-506615C580AE}.Debug|x64.Build.0 = Debug|Any CPU
		{8F166765-FFF1-419C-93E7-506615C580AE}.Debug|x86.ActiveCfg = Debug|Any CPU
		{8F166765-FFF1-419C-93E7-506615C580AE}.Debug|x86.Build.0 = Debug|Any CPU
		{8F166765-FFF1-419C-93E7-506615C580AE}.Release|Any CPU.ActiveCfg = Release|Any CPU
		{8F166765-FFF1-419C-93E7-506615C580AE}.Release|Any CPU.Build.0 = Release|Any CPU
		{8F166765-FFF1-419C-93E7-506615C580AE}.Release|x64.ActiveCfg = Release|Any CPU
		{8F166765-FFF1-419C-93E7-506615C580AE}.Release|x64.Build.0 = Release|Any CPU
		{8F166765-FFF1-419C-93E7-506615C580AE}.Release|x86.ActiveCfg = Release|Any CPU
		{8F166765-FFF1-419C-93E7-506615C580AE}.Release|x86.Build.0 = Release|Any CPU
		{1075C074-47D4-4057-A423-034C72F52C77}.Debug|Any CPU.ActiveCfg = Debug|Any CPU
		{1075C074-47D4-4057-A423-034C72F52C77}.Debug|Any CPU.Build.0 = Debug|Any CPU
		{1075C074-47D4-4057-A423-034C72F52C77}.Debug|x64.ActiveCfg = Debug|Any CPU
		{1075C074-47D4-4057-A423-034C72F52C77}.Debug|x64.Build.0 = Debug|Any CPU
		{1075C074-47D4-4057-A423-034C72F52C77}.Debug|x86.ActiveCfg = Debug|Any CPU
		{1075C074-47D4-4057-A423-034C72F52C77}.Debug|x86.Build.0 = Debug|Any CPU
		{1075C074-47D4-4057-A423-034C72F52C77}.Release|Any CPU.ActiveCfg = Release|Any CPU
		{1075C074-47D4-4057-A423-034C72F52C77}.Release|Any CPU.Build.0 = Release|Any CPU
		{1075C074-47D4-4057-A423-034C72F52C77}.Release|x64.ActiveCfg = Release|Any CPU
		{1075C074-47D4-4057-A423-034C72F52C77}.Release|x64.Build.0 = Release|Any CPU
		{1075C074-47D4-4057-A423-034C72F52C77}.Release|x86.ActiveCfg = Release|Any CPU
		{1075C074-47D4-4057-A423-034C72F52C77}.Release|x86.Build.0 = Release|Any CPU
		{E9BE77A8-EFAE-4CA4-A4E5-506A5D6E3AB7}.Debug|Any CPU.ActiveCfg = Debug|Any CPU
		{E9BE77A8-EFAE-4CA4-A4E5-506A5D6E3AB7}.Debug|Any CPU.Build.0 = Debug|Any CPU
		{E9BE77A8-EFAE-4CA4-A4E5-506A5D6E3AB7}.Debug|x64.ActiveCfg = Debug|Any CPU
		{E9BE77A8-EFAE-4CA4-A4E5-506A5D6E3AB7}.Debug|x64.Build.0 = Debug|Any CPU
		{E9BE77A8-EFAE-4CA4-A4E5-506A5D6E3AB7}.Debug|x86.ActiveCfg = Debug|Any CPU
		{E9BE77A8-EFAE-4CA4-A4E5-506A5D6E3AB7}.Debug|x86.Build.0 = Debug|Any CPU
		{E9BE77A8-EFAE-4CA4-A4E5-506A5D6E3AB7}.Release|Any CPU.ActiveCfg = Release|Any CPU
		{E9BE77A8-EFAE-4CA4-A4E5-506A5D6E3AB7}.Release|Any CPU.Build.0 = Release|Any CPU
		{E9BE77A8-EFAE-4CA4-A4E5-506A5D6E3AB7}.Release|x64.ActiveCfg = Release|Any CPU
		{E9BE77A8-EFAE-4CA4-A4E5-506A5D6E3AB7}.Release|x64.Build.0 = Release|Any CPU
		{E9BE77A8-EFAE-4CA4-A4E5-506A5D6E3AB7}.Release|x86.ActiveCfg = Release|Any CPU
		{E9BE77A8-EFAE-4CA4-A4E5-506A5D6E3AB7}.Release|x86.Build.0 = Release|Any CPU
		{0E9C354F-714E-48A4-BABF-D693A8EEF1A2}.Debug|Any CPU.ActiveCfg = Debug|Any CPU
		{0E9C354F-714E-48A4-BABF-D693A8EEF1A2}.Debug|Any CPU.Build.0 = Debug|Any CPU
		{0E9C354F-714E-48A4-BABF-D693A8EEF1A2}.Debug|x64.ActiveCfg = Debug|Any CPU
		{0E9C354F-714E-48A4-BABF-D693A8EEF1A2}.Debug|x64.Build.0 = Debug|Any CPU
		{0E9C354F-714E-48A4-BABF-D693A8EEF1A2}.Debug|x86.ActiveCfg = Debug|Any CPU
		{0E9C354F-714E-48A4-BABF-D693A8EEF1A2}.Debug|x86.Build.0 = Debug|Any CPU
		{0E9C354F-714E-48A4-BABF-D693A8EEF1A2}.Release|Any CPU.ActiveCfg = Release|Any CPU
		{0E9C354F-714E-48A4-BABF-D693A8EEF1A2}.Release|Any CPU.Build.0 = Release|Any CPU
		{0E9C354F-714E-48A4-BABF-D693A8EEF1A2}.Release|x64.ActiveCfg = Release|Any CPU
		{0E9C354F-714E-48A4-BABF-D693A8EEF1A2}.Release|x64.Build.0 = Release|Any CPU
		{0E9C354F-714E-48A4-BABF-D693A8EEF1A2}.Release|x86.ActiveCfg = Release|Any CPU
		{0E9C354F-714E-48A4-BABF-D693A8EEF1A2}.Release|x86.Build.0 = Release|Any CPU
		{593A10AC-1CE2-4DE4-BE8D-D51CC4733A8D}.Debug|Any CPU.ActiveCfg = Debug|Any CPU
		{593A10AC-1CE2-4DE4-BE8D-D51CC4733A8D}.Debug|Any CPU.Build.0 = Debug|Any CPU
		{593A10AC-1CE2-4DE4-BE8D-D51CC4733A8D}.Debug|x64.ActiveCfg = Debug|Any CPU
		{593A10AC-1CE2-4DE4-BE8D-D51CC4733A8D}.Debug|x64.Build.0 = Debug|Any CPU
		{593A10AC-1CE2-4DE4-BE8D-D51CC4733A8D}.Debug|x86.ActiveCfg = Debug|Any CPU
		{593A10AC-1CE2-4DE4-BE8D-D51CC4733A8D}.Debug|x86.Build.0 = Debug|Any CPU
		{593A10AC-1CE2-4DE4-BE8D-D51CC4733A8D}.Release|Any CPU.ActiveCfg = Release|Any CPU
		{593A10AC-1CE2-4DE4-BE8D-D51CC4733A8D}.Release|Any CPU.Build.0 = Release|Any CPU
		{593A10AC-1CE2-4DE4-BE8D-D51CC4733A8D}.Release|x64.ActiveCfg = Release|Any CPU
		{593A10AC-1CE2-4DE4-BE8D-D51CC4733A8D}.Release|x64.Build.0 = Release|Any CPU
		{593A10AC-1CE2-4DE4-BE8D-D51CC4733A8D}.Release|x86.ActiveCfg = Release|Any CPU
		{593A10AC-1CE2-4DE4-BE8D-D51CC4733A8D}.Release|x86.Build.0 = Release|Any CPU
	EndGlobalSection
	GlobalSection(SolutionProperties) = preSolution
		HideSolutionNode = FALSE
	EndGlobalSection
	GlobalSection(NestedProjects) = preSolution
		{140547B9-1E2A-49BA-9CFF-1AE2BB13FC3C} = {827E0CD3-B72D-47B6-A68D-7590B98EB39B}
		{A11A0E54-04A2-49F4-B6C8-1C1FBAF86764} = {827E0CD3-B72D-47B6-A68D-7590B98EB39B}
		{CE7DD859-7EAE-4537-83FA-09BA9983BD7A} = {827E0CD3-B72D-47B6-A68D-7590B98EB39B}
		{5AF3B724-F294-4104-8A3B-0CABC5005740} = {827E0CD3-B72D-47B6-A68D-7590B98EB39B}
		{8298D759-0BE1-469E-B917-30FC8DC90AE2} = {827E0CD3-B72D-47B6-A68D-7590B98EB39B}
		{BB463B1A-5374-4D59-B7E7-E7258EA57638} = {0AB3BF05-4346-4AA6-1389-037BE0695223}
		{2688B8A1-EE7E-41A9-AF74-D3AD8E18D7F0} = {827E0CD3-B72D-47B6-A68D-7590B98EB39B}
		{5B4AE914-1467-4D66-809C-2068FCD0A259} = {827E0CD3-B72D-47B6-A68D-7590B98EB39B}
		{5AF1DCEC-D2CC-49CF-B476-0FEF63BE2941} = {827E0CD3-B72D-47B6-A68D-7590B98EB39B}
		{52DE506F-4E80-459B-A3D7-6D2D260563CF} = {827E0CD3-B72D-47B6-A68D-7590B98EB39B}
		{0F3E712F-97E9-496F-B2F8-217D65BB69FE} = {827E0CD3-B72D-47B6-A68D-7590B98EB39B}
		{405F4942-AFAC-48E6-8DF9-53B55770F8A4} = {827E0CD3-B72D-47B6-A68D-7590B98EB39B}
		{B4C74221-7548-4F55-8F96-3E282F5C3B06} = {827E0CD3-B72D-47B6-A68D-7590B98EB39B}
		{F8DA9B0F-92E8-4BC7-A4BD-97A278E187BC} = {827E0CD3-B72D-47B6-A68D-7590B98EB39B}
		{B11771E9-BF00-4294-87D1-B6D67C02ADD5} = {827E0CD3-B72D-47B6-A68D-7590B98EB39B}
		{DA1F49DD-E100-4CBE-B43B-8F2911E59F62} = {0AB3BF05-4346-4AA6-1389-037BE0695223}
		{40A8E643-C547-4CBB-8773-EEBA42F0B381} = {827E0CD3-B72D-47B6-A68D-7590B98EB39B}
		{C3CE88E9-DF40-452C-94D9-3C38A34CFDA9} = {827E0CD3-B72D-47B6-A68D-7590B98EB39B}
		{5BAD1E40-7BAA-47BC-8799-0ECD621F01D4} = {827E0CD3-B72D-47B6-A68D-7590B98EB39B}
		{78D738F5-AF6C-4D34-BBFA-4C0603E08A82} = {0AB3BF05-4346-4AA6-1389-037BE0695223}
		{80A4EE83-35B5-4637-93A4-743130015686} = {827E0CD3-B72D-47B6-A68D-7590B98EB39B}
		{FD3D096C-31DF-46CF-98EB-C18586C9FFED} = {0AB3BF05-4346-4AA6-1389-037BE0695223}
		{B60AE4D6-A1FC-416B-B627-F310F5540A4C} = {827E0CD3-B72D-47B6-A68D-7590B98EB39B}
		{3F632841-2505-4219-941B-B4CA21769DCF} = {0AB3BF05-4346-4AA6-1389-037BE0695223}
		{8F166765-FFF1-419C-93E7-506615C580AE} = {827E0CD3-B72D-47B6-A68D-7590B98EB39B}
		{1075C074-47D4-4057-A423-034C72F52C77} = {0AB3BF05-4346-4AA6-1389-037BE0695223}
		{E9BE77A8-EFAE-4CA4-A4E5-506A5D6E3AB7} = {827E0CD3-B72D-47B6-A68D-7590B98EB39B}
		{0E9C354F-714E-48A4-BABF-D693A8EEF1A2} = {0AB3BF05-4346-4AA6-1389-037BE0695223}
		{593A10AC-1CE2-4DE4-BE8D-D51CC4733A8D} = {827E0CD3-B72D-47B6-A68D-7590B98EB39B}
	EndGlobalSection
EndGlobal
