
Microsoft Visual Studio Solution File, Format Version 12.00
# Visual Studio Version 17
VisualStudioVersion = 17.0.31903.59
MinimumVisualStudioVersion = 10.0.40219.1
Project("{2150E333-8FDC-42A3-9474-1A3956D46DE8}") = "src", "src", "{827E0CD3-B72D-47B6-A68D-7590B98EB39B}"
EndProject
Project("{FAE04EC0-301F-11D3-BF4B-00C04F79EFBC}") = "SqlFlow.Core", "src\SqlFlow.Core\SqlFlow.Core.csproj", "{140547B9-1E2A-49BA-9CFF-1AE2BB13FC3C}"
EndProject
Project("{FAE04EC0-301F-11D3-BF4B-00C04F79EFBC}") = "SqlFlow.Yaml", "src\SqlFlow.Yaml\SqlFlow.Yaml.csproj", "{5AF3B724-F294-4104-8A3B-0CABC5005740}"
EndProject
Project("{FAE04EC0-301F-11D3-BF4B-00C04F79EFBC}") = "SqlFlow.Cli", "src\SqlFlow.Cli\SqlFlow.Cli.csproj", "{8298D759-0BE1-469E-B917-30FC8DC90AE2}"
EndProject
Project("{2150E333-8FDC-42A3-9474-1A3956D46DE8}") = "tests", "tests", "{0AB3BF05-4346-4AA6-1389-037BE0695223}"
EndProject
Project("{FAE04EC0-301F-11D3-BF4B-00C04F79EFBC}") = "SqlFlow.Core.Tests", "tests\SqlFlow.Core.Tests\SqlFlow.Core.Tests.csproj", "{BB463B1A-5374-4D59-B7E7-E7258EA57638}"
EndProject
Project("{FAE04EC0-301F-11D3-BF4B-00C04F79EFBC}") = "SqlFlow.Azure", "src\SqlFlow.Azure\SqlFlow.Azure.csproj", "{2688B8A1-EE7E-41A9-AF74-D3AD8E18D7F0}"
EndProject
Project("{FAE04EC0-301F-11D3-BF4B-00C04F79EFBC}") = "SqlFlow.SourceControl", "src\SqlFlow.SourceControl\SqlFlow.SourceControl.csproj", "{0F3E712F-97E9-496F-B2F8-217D65BB69FE}"
EndProject
Project("{FAE04EC0-301F-11D3-BF4B-00C04F79EFBC}") = "SqlFlow.Catalog", "src\SqlFlow.Catalog\SqlFlow.Catalog.csproj", "{F8DA9B0F-92E8-4BC7-A4BD-97A278E187BC}"
EndProject
Project("{FAE04EC0-301F-11D3-BF4B-00C04F79EFBC}") = "SqlFlow.ControlPlane", "src\SqlFlow.ControlPlane\SqlFlow.ControlPlane.csproj", "{B11771E9-BF00-4294-87D1-B6D67C02ADD5}"
EndProject
Project("{FAE04EC0-301F-11D3-BF4B-00C04F79EFBC}") = "SqlFlow.ControlPlane.Tests", "tests\SqlFlow.ControlPlane.Tests\SqlFlow.ControlPlane.Tests.csproj", "{DA1F49DD-E100-4CBE-B43B-8F2911E59F62}"
EndProject
Project("{FAE04EC0-301F-11D3-BF4B-00C04F79EFBC}") = "SqlFlow.Execution", "src\SqlFlow.Execution\SqlFlow.Execution.csproj", "{40A8E643-C547-4CBB-8773-EEBA42F0B381}"
EndProject
Project("{FAE04EC0-301F-11D3-BF4B-00C04F79EFBC}") = "SqlFlow.Node", "src\SqlFlow.Node\SqlFlow.Node.csproj", "{C3CE88E9-DF40-452C-94D9-3C38A34CFDA9}"
EndProject
Project("{FAE04EC0-301F-11D3-BF4B-00C04F79EFBC}") = "SqlFlow.Delivery", "src\SqlFlow.Delivery\SqlFlow.Delivery.csproj", "{EFFC5C82-0136-4952-BDCF-B7D991B8C986}"
EndProject
Global
	GlobalSection(SolutionConfigurationPlatforms) = preSolution
		Debug|Any CPU = Debug|Any CPU
		Debug|x64 = Debug|x64
		Debug|x86 = Debug|x86
		Release|Any CPU = Release|Any CPU
		Release|x64 = Release|x64
		Release|x86 = Release|x86
	EndGlobalSection
	GlobalSection(ProjectConfigurationPlatforms) = postSolution
		{140547B9-1E2A-49BA-9CFF-1AE2BB13FC3C}.Debug|Any CPU.ActiveCfg = Debug|Any CPU
		{140547B9-1E2A-49BA-9CFF-1AE2BB13FC3C}.Debug|Any CPU.Build.0 = Debug|Any CPU
		{140547B9-1E2A-49BA-9CFF-1AE2BB13FC3C}.Debug|x64.ActiveCfg = Debug|Any CPU
		{140547B9-1E2A-49BA-9CFF-1AE2BB13FC3C}.Debug|x64.Build.0 = Debug|Any CPU
		{140547B9-1E2A-49BA-9CFF-1AE2BB13FC3C}.Debug|x86.ActiveCfg = Debug|Any CPU
		{140547B9-1E2A-49BA-9CFF-1AE2BB13FC3C}.Debug|x86.Build.0 = Debug|Any CPU
		{140547B9-1E2A-49BA-9CFF-1AE2BB13FC3C}.Release|Any CPU.ActiveCfg = Release|Any CPU
		{140547B9-1E2A-49BA-9CFF-1AE2BB13FC3C}.Release|Any CPU.Build.0 = Release|Any CPU
		{140547B9-1E2A-49BA-9CFF-1AE2BB13FC3C}.Release|x64.ActiveCfg = Release|Any CPU
		{140547B9-1E2A-49BA-9CFF-1AE2BB13FC3C}.Release|x64.Build.0 = Release|Any CPU
		{140547B9-1E2A-49BA-9CFF-1AE2BB13FC3C}.Release|x86.ActiveCfg = Release|Any CPU
		{140547B9-1E2A-49BA-9CFF-1AE2BB13FC3C}.Release|x86.Build.0 = Release|Any CPU
		{5AF3B724-F294-4104-8A3B-0CABC5005740}.Debug|Any CPU.ActiveCfg = Debug|Any CPU
		{5AF3B724-F294-4104-8A3B-0CABC5005740}.Debug|Any CPU.Build.0 = Debug|Any CPU
		{5AF3B724-F294-4104-8A3B-0CABC5005740}.Debug|x64.ActiveCfg = Debug|Any CPU
		{5AF3B724-F294-4104-8A3B-0CABC5005740}.Debug|x64.Build.0 = Debug|Any CPU
		{5AF3B724-F294-4104-8A3B-0CABC5005740}.Debug|x86.ActiveCfg = Debug|Any CPU
		{5AF3B724-F294-4104-8A3B-0CABC5005740}.Debug|x86.Build.0 = Debug|Any CPU
		{5AF3B724-F294-4104-8A3B-0CABC5005740}.Release|Any CPU.ActiveCfg = Release|Any CPU
		{5AF3B724-F294-4104-8A3B-0CABC5005740}.Release|Any CPU.Build.0 = Release|Any CPU
		{5AF3B724-F294-4104-8A3B-0CABC5005740}.Release|x64.ActiveCfg = Release|Any CPU
		{5AF3B724-F294-4104-8A3B-0CABC5005740}.Release|x64.Build.0 = Release|Any CPU
		{5AF3B724-F294-4104-8A3B-0CABC5005740}.Release|x86.ActiveCfg = Release|Any CPU
		{5AF3B724-F294-4104-8A3B-0CABC5005740}.Release|x86.Build.0 = Release|Any CPU
		{8298D759-0BE1-469E-B917-30FC8DC90AE2}.Debug|Any CPU.ActiveCfg = Debug|Any CPU
		{8298D759-0BE1-469E-B917-30FC8DC90AE2}.Debug|Any CPU.Build.0 = Debug|Any CPU
		{8298D759-0BE1-469E-B917-30FC8DC90AE2}.Debug|x64.ActiveCfg = Debug|Any CPU
		{8298D759-0BE1-469E-B917-30FC8DC90AE2}.Debug|x64.Build.0 = Debug|Any CPU
		{8298D759-0BE1-469E-B917-30FC8DC90AE2}.Debug|x86.ActiveCfg = Debug|Any CPU
		{8298D759-0BE1-469E-B917-30FC8DC90AE2}.Debug|x86.Build.0 = Debug|Any CPU
		{8298D759-0BE1-469E-B917-30FC8DC90AE2}.Release|Any CPU.ActiveCfg = Release|Any CPU
		{8298D759-0BE1-469E-B917-30FC8DC90AE2}.Release|Any CPU.Build.0 = Release|Any CPU
		{8298D759-0BE1-469E-B917-30FC8DC90AE2}.Release|x64.ActiveCfg = Release|Any CPU
		{8298D759-0BE1-469E-B917-30FC8DC90AE2}.Release|x64.Build.0 = Release|Any CPU
		{8298D759-0BE1-469E-B917-30FC8DC90AE2}.Release|x86.ActiveCfg = Release|Any CPU
		{8298D759-0BE1-469E-B917-30FC8DC90AE2}.Release|x86.Build.0 = Release|Any CPU
		{BB463B1A-5374-4D59-B7E7-E7258EA57638}.Debug|Any CPU.ActiveCfg = Debug|Any CPU
		{BB463B1A-5374-4D59-B7E7-E7258EA57638}.Debug|Any CPU.Build.0 = Debug|Any CPU
		{BB463B1A-5374-4D59-B7E7-E7258EA57638}.Debug|x64.ActiveCfg = Debug|Any CPU
		{BB463B1A-5374-4D59-B7E7-E7258EA57638}.Debug|x64.Build.0 = Debug|Any CPU
		{BB463B1A-5374-4D59-B7E7-E7258EA57638}.Debug|x86.ActiveCfg = Debug|Any CPU
		{BB463B1A-5374-4D59-B7E7-E7258EA57638}.Debug|x86.Build.0 = Debug|Any CPU
		{BB463B1A-5374-4D59-B7E7-E7258EA57638}.Release|Any CPU.ActiveCfg = Release|Any CPU
		{BB463B1A-5374-4D59-B7E7-E7258EA57638}.Release|Any CPU.Build.0 = Release|Any CPU
		{BB463B1A-5374-4D59-B7E7-E7258EA57638}.Release|x64.ActiveCfg = Release|Any CPU
		{BB463B1A-5374-4D59-B7E7-E7258EA57638}.Release|x64.Build.0 = Release|Any CPU
		{BB463B1A-5374-4D59-B7E7-E7258EA57638}.Release|x86.ActiveCfg = Release|Any CPU
		{BB463B1A-5374-4D59-B7E7-E7258EA57638}.Release|x86.Build.0 = Release|Any CPU
		{2688B8A1-EE7E-41A9-AF74-D3AD8E18D7F0}.Debug|Any CPU.ActiveCfg = Debug|Any CPU
		{2688B8A1-EE7E-41A9-AF74-D3AD8E18D7F0}.Debug|Any CPU.Build.0 = Debug|Any CPU
		{2688B8A1-EE7E-41A9-AF74-D3AD8E18D7F0}.Debug|x64.ActiveCfg = Debug|Any CPU
		{2688B8A1-EE7E-41A9-AF74-D3AD8E18D7F0}.Debug|x64.Build.0 = Debug|Any CPU
		{2688B8A1-EE7E-41A9-AF74-D3AD8E18D7F0}.Debug|x86.ActiveCfg = Debug|Any CPU
		{2688B8A1-EE7E-41A9-AF74-D3AD8E18D7F0}.Debug|x86.Build.0 = Debug|Any CPU
		{2688B8A1-EE7E-41A9-AF74-D3AD8E18D7F0}.Release|Any CPU.ActiveCfg = Release|Any CPU
		{2688B8A1-EE7E-41A9-AF74-D3AD8E18D7F0}.Release|Any CPU.Build.0 = Release|Any CPU
		{2688B8A1-EE7E-41A9-AF74-D3AD8E18D7F0}.Release|x64.ActiveCfg = Release|Any CPU
		{2688B8A1-EE7E-41A9-AF74-D3AD8E18D7F0}.Release|x64.Build.0 = Release|Any CPU
		{2688B8A1-EE7E-41A9-AF74-D3AD8E18D7F0}.Release|x86.ActiveCfg = Release|Any CPU
		{2688B8A1-EE7E-41A9-AF74-D3AD8E18D7F0}.Release|x86.Build.0 = Release|Any CPU
		{0F3E712F-97E9-496F-B2F8-217D65BB69FE}.Debug|Any CPU.ActiveCfg = Debug|Any CPU
		{0F3E712F-97E9-496F-B2F8-217D65BB69FE}.Debug|Any CPU.Build.0 = Debug|Any CPU
		{0F3E712F-97E9-496F-B2F8-217D65BB69FE}.Debug|x64.ActiveCfg = Debug|Any CPU
		{0F3E712F-97E9-496F-B2F8-217D65BB69FE}.Debug|x64.Build.0 = Debug|Any CPU
		{0F3E712F-97E9-496F-B2F8-217D65BB69FE}.Debug|x86.ActiveCfg = Debug|Any CPU
		{0F3E712F-97E9-496F-B2F8-217D65BB69FE}.Debug|x86.Build.0 = Debug|Any CPU
		{0F3E712F-97E9-496F-B2F8-217D65BB69FE}.Release|Any CPU.ActiveCfg = Release|Any CPU
		{0F3E712F-97E9-496F-B2F8-217D65BB69FE}.Release|Any CPU.Build.0 = Release|Any CPU
		{0F3E712F-97E9-496F-B2F8-217D65BB69FE}.Release|x64.ActiveCfg = Release|Any CPU
		{0F3E712F-97E9-496F-B2F8-217D65BB69FE}.Release|x64.Build.0 = Release|Any CPU
		{0F3E712F-97E9-496F-B2F8-217D65BB69FE}.Release|x86.ActiveCfg = Release|Any CPU
		{0F3E712F-97E9-496F-B2F8-217D65BB69FE}.Release|x86.Build.0 = Release|Any CPU
		{F8DA9B0F-92E8-4BC7-A4BD-97A278E187BC}.Debug|Any CPU.ActiveCfg = Debug|Any CPU
		{F8DA9B0F-92E8-4BC7-A4BD-97A278E187BC}.Debug|Any CPU.Build.0 = Debug|Any CPU
		{F8DA9B0F-92E8-4BC7-A4BD-97A278E187BC}.Debug|x64.ActiveCfg = Debug|Any CPU
		{F8DA9B0F-92E8-4BC7-A4BD-97A278E187BC}.Debug|x64.Build.0 = Debug|Any CPU
		{F8DA9B0F-92E8-4BC7-A4BD-97A278E187BC}.Debug|x86.ActiveCfg = Debug|Any CPU
		{F8DA9B0F-92E8-4BC7-A4BD-97A278E187BC}.Debug|x86.Build.0 = Debug|Any CPU
		{F8DA9B0F-92E8-4BC7-A4BD-97A278E187BC}.Release|Any CPU.ActiveCfg = Release|Any CPU
		{F8DA9B0F-92E8-4BC7-A4BD-97A278E187BC}.Release|Any CPU.Build.0 = Release|Any CPU
		{F8DA9B0F-92E8-4BC7-A4BD-97A278E187BC}.Release|x64.ActiveCfg = Release|Any CPU
		{F8DA9B0F-92E8-4BC7-A4BD-97A278E187BC}.Release|x64.Build.0 = Release|Any CPU
		{F8DA9B0F-92E8-4BC7-A4BD-97A278E187BC}.Release|x86.ActiveCfg = Release|Any CPU
		{F8DA9B0F-92E8-4BC7-A4BD-97A278E187BC}.Release|x86.Build.0 = Release|Any CPU
		{B11771E9-BF00-4294-87D1-B6D67C02ADD5}.Debug|Any CPU.ActiveCfg = Debug|Any CPU
		{B11771E9-BF00-4294-87D1-B6D67C02ADD5}.Debug|Any CPU.Build.0 = Debug|Any CPU
		{B11771E9-BF00-4294-87D1-B6D67C02ADD5}.Debug|x64.ActiveCfg = Debug|Any CPU
		{B11771E9-BF00-4294-87D1-B6D67C02ADD5}.Debug|x64.Build.0 = Debug|Any CPU
		{B11771E9-BF00-4294-87D1-B6D67C02ADD5}.Debug|x86.ActiveCfg = Debug|Any CPU
		{B11771E9-BF00-4294-87D1-B6D67C02ADD5}.Debug|x86.Build.0 = Debug|Any CPU
		{B11771E9-BF00-4294-87D1-B6D67C02ADD5}.Release|Any CPU.ActiveCfg = Release|Any CPU
		{B11771E9-BF00-4294-87D1-B6D67C02ADD5}.Release|Any CPU.Build.0 = Release|Any CPU
		{B11771E9-BF00-4294-87D1-B6D67C02ADD5}.Release|x64.ActiveCfg = Release|Any CPU
		{B11771E9-BF00-4294-87D1-B6D67C02ADD5}.Release|x64.Build.0 = Release|Any CPU
		{B11771E9-BF00-4294-87D1-B6D67C02ADD5}.Release|x86.ActiveCfg = Release|Any CPU
		{B11771E9-BF00-4294-87D1-B6D67C02ADD5}.Release|x86.Build.0 = Release|Any CPU
		{DA1F49DD-E100-4CBE-B43B-8F2911E59F62}.Debug|Any CPU.ActiveCfg = Debug|Any CPU
		{DA1F49DD-E100-4CBE-B43B-8F2911E59F62}.Debug|Any CPU.Build.0 = Debug|Any CPU
		{DA1F49DD-E100-4CBE-B43B-8F2911E59F62}.Debug|x64.ActiveCfg = Debug|Any CPU
		{DA1F49DD-E100-4CBE-B43B-8F2911E59F62}.Debug|x64.Build.0 = Debug|Any CPU
		{DA1F49DD-E100-4CBE-B43B-8F2911E59F62}.Debug|x86.ActiveCfg = Debug|Any CPU
		{DA1F49DD-E100-4CBE-B43B-8F2911E59F62}.Debug|x86.Build.0 = Debug|Any CPU
		{DA1F49DD-E100-4CBE-B43B-8F2911E59F62}.Release|Any CPU.ActiveCfg = Release|Any CPU
		{DA1F49DD-E100-4CBE-B43B-8F2911E59F62}.Release|Any CPU.Build.0 = Release|Any CPU
		{DA1F49DD-E100-4CBE-B43B-8F2911E59F62}.Release|x64.ActiveCfg = Release|Any CPU
		{DA1F49DD-E100-4CBE-B43B-8F2911E59F62}.Release|x64.Build.0 = Release|Any CPU
		{DA1F49DD-E100-4CBE-B43B-8F2911E59F62}.Release|x86.ActiveCfg = Release|Any CPU
		{DA1F49DD-E100-4CBE-B43B-8F2911E59F62}.Release|x86.Build.0 = Release|Any CPU
		{40A8E643-C547-4CBB-8773-EEBA42F0B381}.Debug|Any CPU.ActiveCfg = Debug|Any CPU
		{40A8E643-C547-4CBB-8773-EEBA42F0B381}.Debug|Any CPU.Build.0 = Debug|Any CPU
		{40A8E643-C547-4CBB-8773-EEBA42F0B381}.Debug|x64.ActiveCfg = Debug|Any CPU
		{40A8E643-C547-4CBB-8773-EEBA42F0B381}.Debug|x64.Build.0 = Debug|Any CPU
		{40A8E643-C547-4CBB-8773-EEBA42F0B381}.Debug|x86.ActiveCfg = Debug|Any CPU
		{40A8E643-C547-4CBB-8773-EEBA42F0B381}.Debug|x86.Build.0 = Debug|Any CPU
		{40A8E643-C547-4CBB-8773-EEBA42F0B381}.Release|Any CPU.ActiveCfg = Release|Any CPU
		{40A8E643-C547-4CBB-8773-EEBA42F0B381}.Release|Any CPU.Build.0 = Release|Any CPU
		{40A8E643-C547-4CBB-8773-EEBA42F0B381}.Release|x64.ActiveCfg = Release|Any CPU
		{40A8E643-C547-4CBB-8773-EEBA42F0B381}.Release|x64.Build.0 = Release|Any CPU
		{40A8E643-C547-4CBB-8773-EEBA42F0B381}.Release|x86.ActiveCfg = Release|Any CPU
		{40A8E643-C547-4CBB-8773-EEBA42F0B381}.Release|x86.Build.0 = Release|Any CPU
		{C3CE88E9-DF40-452C-94D9-3C38A34CFDA9}.Debug|Any CPU.ActiveCfg = Debug|Any CPU
		{C3CE88E9-DF40-452C-94D9-3C38A34CFDA9}.Debug|Any CPU.Build.0 = Debug|Any CPU
		{C3CE88E9-DF40-452C-94D9-3C38A34CFDA9}.Debug|x64.ActiveCfg = Debug|Any CPU
		{C3CE88E9-DF40-452C-94D9-3C38A34CFDA9}.Debug|x64.Build.0 = Debug|Any CPU
		{C3CE88E9-DF40-452C-94D9-3C38A34CFDA9}.Debug|x86.ActiveCfg = Debug|Any CPU
		{C3CE88E9-DF40-452C-94D9-3C38A34CFDA9}.Debug|x86.Build.0 = Debug|Any CPU
		{C3CE88E9-DF40-452C-94D9-3C38A34CFDA9}.Release|Any CPU.ActiveCfg = Release|Any CPU
		{C3CE88E9-DF40-452C-94D9-3C38A34CFDA9}.Release|Any CPU.Build.0 = Release|Any CPU
		{C3CE88E9-DF40-452C-94D9-3C38A34CFDA9}.Release|x64.ActiveCfg = Release|Any CPU
		{C3CE88E9-DF40-452C-94D9-3C38A34CFDA9}.Release|x64.Build.0 = Release|Any CPU
		{C3CE88E9-DF40-452C-94D9-3C38A34CFDA9}.Release|x86.ActiveCfg = Release|Any CPU
		{C3CE88E9-DF40-452C-94D9-3C38A34CFDA9}.Release|x86.Build.0 = Release|Any CPU
		{EFFC5C82-0136-4952-BDCF-B7D991B8C986}.Debug|Any CPU.ActiveCfg = Debug|Any CPU
		{EFFC5C82-0136-4952-BDCF-B7D991B8C986}.Debug|Any CPU.Build.0 = Debug|Any CPU
		{EFFC5C82-0136-4952-BDCF-B7D991B8C986}.Debug|x64.ActiveCfg = Debug|Any CPU
		{EFFC5C82-0136-4952-BDCF-B7D991B8C986}.Debug|x64.Build.0 = Debug|Any CPU
		{EFFC5C82-0136-4952-BDCF-B7D991B8C986}.Debug|x86.ActiveCfg = Debug|Any CPU
		{EFFC5C82-0136-4952-BDCF-B7D991B8C986}.Debug|x86.Build.0 = Debug|Any CPU
		{EFFC5C82-0136-4952-BDCF-B7D991B8C986}.Release|Any CPU.ActiveCfg = Release|Any CPU
		{EFFC5C82-0136-4952-BDCF-B7D991B8C986}.Release|Any CPU.Build.0 = Release|Any CPU
		{EFFC5C82-0136-4952-BDCF-B7D991B8C986}.Release|x64.ActiveCfg = Release|Any CPU
		{EFFC5C82-0136-4952-BDCF-B7D991B8C986}.Release|x64.Build.0 = Release|Any CPU
		{EFFC5C82-0136-4952-BDCF-B7D991B8C986}.Release|x86.ActiveCfg = Release|Any CPU
		{EFFC5C82-0136-4952-BDCF-B7D991B8C986}.Release|x86.Build.0 = Release|Any CPU
	EndGlobalSection
	GlobalSection(SolutionProperties) = preSolution
		HideSolutionNode = FALSE
	EndGlobalSection
	GlobalSection(NestedProjects) = preSolution
		{140547B9-1E2A-49BA-9CFF-1AE2BB13FC3C} = {827E0CD3-B72D-47B6-A68D-7590B98EB39B}
		{5AF3B724-F294-4104-8A3B-0CABC5005740} = {827E0CD3-B72D-47B6-A68D-7590B98EB39B}
		{8298D759-0BE1-469E-B917-30FC8DC90AE2} = {827E0CD3-B72D-47B6-A68D-7590B98EB39B}
		{BB463B1A-5374-4D59-B7E7-E7258EA57638} = {0AB3BF05-4346-4AA6-1389-037BE0695223}
		{2688B8A1-EE7E-41A9-AF74-D3AD8E18D7F0} = {827E0CD3-B72D-47B6-A68D-7590B98EB39B}
		{0F3E712F-97E9-496F-B2F8-217D65BB69FE} = {827E0CD3-B72D-47B6-A68D-7590B98EB39B}
		{F8DA9B0F-92E8-4BC7-A4BD-97A278E187BC} = {827E0CD3-B72D-47B6-A68D-7590B98EB39B}
		{B11771E9-BF00-4294-87D1-B6D67C02ADD5} = {827E0CD3-B72D-47B6-A68D-7590B98EB39B}
		{DA1F49DD-E100-4CBE-B43B-8F2911E59F62} = {0AB3BF05-4346-4AA6-1389-037BE0695223}
		{40A8E643-C547-4CBB-8773-EEBA42F0B381} = {827E0CD3-B72D-47B6-A68D-7590B98EB39B}
		{C3CE88E9-DF40-452C-94D9-3C38A34CFDA9} = {827E0CD3-B72D-47B6-A68D-7590B98EB39B}
		{EFFC5C82-0136-4952-BDCF-B7D991B8C986} = {827E0CD3-B72D-47B6-A68D-7590B98EB39B}
	EndGlobalSection
EndGlobal
